// !$*UTF8*$!
{
	archiveVersion = 1;
	classes = {
	};
	objectVersion = 48;
	objects = {

/* Begin PBXBuildFile section */
		404EC3B10B13C77F3618E13D /* libPods-WWKitTests.a in Frameworks */ = {isa = PBXBuildFile; fileRef = 4BC785A253D04B6B2B6165EA /* libPods-WWKitTests.a */; };
		A5128370C1294011A4ACCA99 /* libPods-WWKit.a in Frameworks */ = {isa = PBXBuildFile; fileRef = CE7A17F47A5E12566595EE2B /* libPods-WWKit.a */; };
		DE00C1631F7220C500F8F4E5 /* Assets.xcassets in Resources */ = {isa = PBXBuildFile; fileRef = DE00C1621F7220C500F8F4E5 /* Assets.xcassets */; };
		DE00C1731F7220C500F8F4E5 /* WWKitTests.m in Sources */ = {isa = PBXBuildFile; fileRef = DE00C1721F7220C500F8F4E5 /* WWKitTests.m */; };
		DE00C17E1F7220C600F8F4E5 /* WWKitUITests.m in Sources */ = {isa = PBXBuildFile; fileRef = DE00C17D1F7220C600F8F4E5 /* WWKitUITests.m */; };
		DE3911A21F72369400D74266 /* Default-568h@2x.png in Resources */ = {isa = PBXBuildFile; fileRef = DE3911A11F72369400D74266 /* Default-568h@2x.png */; };
		DEAAAAA31F735E9F00A461F6 /* AppDelegate.m in Sources */ = {isa = PBXBuildFile; fileRef = DEAAAA931F735B0C00A461F6 /* AppDelegate.m */; };
		DEAAAAA51F735E9F00A461F6 /* WWHomeViewController.m in Sources */ = {isa = PBXBuildFile; fileRef = DEAAAA9F1F735C6100A461F6 /* WWHomeViewController.m */; };
		DEAAAAA61F735EC500A461F6 /* main.m in Sources */ = {isa = PBXBuildFile; fileRef = DE00C1681F7220C500F8F4E5 /* main.m */; };
		E9AF129E1558C6CB3052524F /* libPods-WWKitUITests.a in Frameworks */ = {isa = PBXBuildFile; fileRef = 919620513629421A39658B0B /* libPods-WWKitUITests.a */; };
/* End PBXBuildFile section */

/* Begin PBXContainerItemProxy section */
		DE00C16F1F7220C500F8F4E5 /* PBXContainerItemProxy */ = {
			isa = PBXContainerItemProxy;
			containerPortal = DE00C14E1F7220C500F8F4E5 /* Project object */;
			proxyType = 1;
			remoteGlobalIDString = DE00C1551F7220C500F8F4E5;
			remoteInfo = WWKit;
		};
		DE00C17A1F7220C600F8F4E5 /* PBXContainerItemProxy */ = {
			isa = PBXContainerItemProxy;
			containerPortal = DE00C14E1F7220C500F8F4E5 /* Project object */;
			proxyType = 1;
			remoteGlobalIDString = DE00C1551F7220C500F8F4E5;
			remoteInfo = WWKit;
		};
/* End PBXContainerItemProxy section */

/* Begin PBXFileReference section */
		4BC785A253D04B6B2B6165EA /* libPods-WWKitTests.a */ = {isa = PBXFileReference; explicitFileType = archive.ar; includeInIndex = 0; path = "libPods-WWKitTests.a"; sourceTree = BUILT_PRODUCTS_DIR; };
		6A450381ABFAFE1ACB83ED1E /* Pods-WWKitTests.release.xcconfig */ = {isa = PBXFileReference; includeInIndex = 1; lastKnownFileType = text.xcconfig; name = "Pods-WWKitTests.release.xcconfig"; path = "Pods/Target Support Files/Pods-WWKitTests/Pods-WWKitTests.release.xcconfig"; sourceTree = "<group>"; };
		919620513629421A39658B0B /* libPods-WWKitUITests.a */ = {isa = PBXFileReference; explicitFileType = archive.ar; includeInIndex = 0; path = "libPods-WWKitUITests.a"; sourceTree = BUILT_PRODUCTS_DIR; };
		9B9DBCFA2027BB4B94429E3C /* Pods-WWKitTests.debug.xcconfig */ = {isa = PBXFileReference; includeInIndex = 1; lastKnownFileType = text.xcconfig; name = "Pods-WWKitTests.debug.xcconfig"; path = "Pods/Target Support Files/Pods-WWKitTests/Pods-WWKitTests.debug.xcconfig"; sourceTree = "<group>"; };
		AD09159EE5F524BF2A322651 /* Pods-WWKit.debug.xcconfig */ = {isa = PBXFileReference; includeInIndex = 1; lastKnownFileType = text.xcconfig; name = "Pods-WWKit.debug.xcconfig"; path = "Pods/Target Support Files/Pods-WWKit/Pods-WWKit.debug.xcconfig"; sourceTree = "<group>"; };
		AFBF9794EF91CFD9373FE183 /* Pods-WWKitUITests.debug.xcconfig */ = {isa = PBXFileReference; includeInIndex = 1; lastKnownFileType = text.xcconfig; name = "Pods-WWKitUITests.debug.xcconfig"; path = "Pods/Target Support Files/Pods-WWKitUITests/Pods-WWKitUITests.debug.xcconfig"; sourceTree = "<group>"; };
		CE7A17F47A5E12566595EE2B /* libPods-WWKit.a */ = {isa = PBXFileReference; explicitFileType = archive.ar; includeInIndex = 0; path = "libPods-WWKit.a"; sourceTree = BUILT_PRODUCTS_DIR; };
		D0CB9F1AD5CFF22CC7AE9649 /* Pods-WWKitUITests.release.xcconfig */ = {isa = PBXFileReference; includeInIndex = 1; lastKnownFileType = text.xcconfig; name = "Pods-WWKitUITests.release.xcconfig"; path = "Pods/Target Support Files/Pods-WWKitUITests/Pods-WWKitUITests.release.xcconfig"; sourceTree = "<group>"; };
		DE00C1561F7220C500F8F4E5 /* WWKit.app */ = {isa = PBXFileReference; explicitFileType = wrapper.application; includeInIndex = 0; path = WWKit.app; sourceTree = BUILT_PRODUCTS_DIR; };
		DE00C1621F7220C500F8F4E5 /* Assets.xcassets */ = {isa = PBXFileReference; lastKnownFileType = folder.assetcatalog; path = Assets.xcassets; sourceTree = "<group>"; };
		DE00C1671F7220C500F8F4E5 /* Info.plist */ = {isa = PBXFileReference; lastKnownFileType = text.plist.xml; path = Info.plist; sourceTree = "<group>"; };
		DE00C1681F7220C500F8F4E5 /* main.m */ = {isa = PBXFileReference; lastKnownFileType = sourcecode.c.objc; path = main.m; sourceTree = "<group>"; };
		DE00C16E1F7220C500F8F4E5 /* WWKitTests.xctest */ = {isa = PBXFileReference; explicitFileType = wrapper.cfbundle; includeInIndex = 0; path = WWKitTests.xctest; sourceTree = BUILT_PRODUCTS_DIR; };
		DE00C1721F7220C500F8F4E5 /* WWKitTests.m */ = {isa = PBXFileReference; lastKnownFileType = sourcecode.c.objc; path = WWKitTests.m; sourceTree = "<group>"; };
		DE00C1741F7220C500F8F4E5 /* Info.plist */ = {isa = PBXFileReference; lastKnownFileType = text.plist.xml; path = Info.plist; sourceTree = "<group>"; };
		DE00C1791F7220C600F8F4E5 /* WWKitUITests.xctest */ = {isa = PBXFileReference; explicitFileType = wrapper.cfbundle; includeInIndex = 0; path = WWKitUITests.xctest; sourceTree = BUILT_PRODUCTS_DIR; };
		DE00C17D1F7220C600F8F4E5 /* WWKitUITests.m */ = {isa = PBXFileReference; lastKnownFileType = sourcecode.c.objc; path = WWKitUITests.m; sourceTree = "<group>"; };
		DE00C17F1F7220C600F8F4E5 /* Info.plist */ = {isa = PBXFileReference; lastKnownFileType = text.plist.xml; path = Info.plist; sourceTree = "<group>"; };
		DE3911A11F72369400D74266 /* Default-568h@2x.png */ = {isa = PBXFileReference; lastKnownFileType = image.png; path = "Default-568h@2x.png"; sourceTree = "<group>"; };
		DEAAAA921F735B0C00A461F6 /* AppDelegate.h */ = {isa = PBXFileReference; lastKnownFileType = sourcecode.c.h; path = AppDelegate.h; sourceTree = "<group>"; };
		DEAAAA931F735B0C00A461F6 /* AppDelegate.m */ = {isa = PBXFileReference; lastKnownFileType = sourcecode.c.objc; path = AppDelegate.m; sourceTree = "<group>"; };
		DEAAAA9E1F735C6100A461F6 /* WWHomeViewController.h */ = {isa = PBXFileReference; lastKnownFileType = sourcecode.c.h; path = WWHomeViewController.h; sourceTree = "<group>"; };
		DEAAAA9F1F735C6100A461F6 /* WWHomeViewController.m */ = {isa = PBXFileReference; lastKnownFileType = sourcecode.c.objc; path = WWHomeViewController.m; sourceTree = "<group>"; };
		DEAAAAA81F7390A200A461F6 /* WWKit-Prefix.pch */ = {isa = PBXFileReference; lastKnownFileType = sourcecode.c.h; path = "WWKit-Prefix.pch"; sourceTree = "<group>"; };
		F19AF68FF10BA6C4CADEF2BC /* Pods-WWKit.release.xcconfig */ = {isa = PBXFileReference; includeInIndex = 1; lastKnownFileType = text.xcconfig; name = "Pods-WWKit.release.xcconfig"; path = "Pods/Target Support Files/Pods-WWKit/Pods-WWKit.release.xcconfig"; sourceTree = "<group>"; };
/* End PBXFileReference section */

/* Begin PBXFrameworksBuildPhase section */
		DE00C1531F7220C500F8F4E5 /* Frameworks */ = {
			isa = PBXFrameworksBuildPhase;
			buildActionMask = 2147483647;
			files = (
				A5128370C1294011A4ACCA99 /* libPods-WWKit.a in Frameworks */,
			);
			runOnlyForDeploymentPostprocessing = 0;
		};
		DE00C16B1F7220C500F8F4E5 /* Frameworks */ = {
			isa = PBXFrameworksBuildPhase;
			buildActionMask = 2147483647;
			files = (
				404EC3B10B13C77F3618E13D /* libPods-WWKitTests.a in Frameworks */,
			);
			runOnlyForDeploymentPostprocessing = 0;
		};
		DE00C1761F7220C600F8F4E5 /* Frameworks */ = {
			isa = PBXFrameworksBuildPhase;
			buildActionMask = 2147483647;
			files = (
				E9AF129E1558C6CB3052524F /* libPods-WWKitUITests.a in Frameworks */,
			);
			runOnlyForDeploymentPostprocessing = 0;
		};
/* End PBXFrameworksBuildPhase section */

/* Begin PBXGroup section */
		6C54A0E6A36A7CBF71C5A332 /* Frameworks */ = {
			isa = PBXGroup;
			children = (
				CE7A17F47A5E12566595EE2B /* libPods-WWKit.a */,
				4BC785A253D04B6B2B6165EA /* libPods-WWKitTests.a */,
				919620513629421A39658B0B /* libPods-WWKitUITests.a */,
			);
			name = Frameworks;
			sourceTree = "<group>";
		};
		9BEAB551AF34871BAF098FD3 /* Pods */ = {
			isa = PBXGroup;
			children = (
				AD09159EE5F524BF2A322651 /* Pods-WWKit.debug.xcconfig */,
				F19AF68FF10BA6C4CADEF2BC /* Pods-WWKit.release.xcconfig */,
				9B9DBCFA2027BB4B94429E3C /* Pods-WWKitTests.debug.xcconfig */,
				6A450381ABFAFE1ACB83ED1E /* Pods-WWKitTests.release.xcconfig */,
				AFBF9794EF91CFD9373FE183 /* Pods-WWKitUITests.debug.xcconfig */,
				D0CB9F1AD5CFF22CC7AE9649 /* Pods-WWKitUITests.release.xcconfig */,
			);
			name = Pods;
			sourceTree = "<group>";
		};
		DE00C14D1F7220C500F8F4E5 = {
			isa = PBXGroup;
			children = (
				DE3911A11F72369400D74266 /* Default-568h@2x.png */,
				DE00C1581F7220C500F8F4E5 /* WWKit */,
				DE00C1711F7220C500F8F4E5 /* WWKitTests */,
				DE00C17C1F7220C600F8F4E5 /* WWKitUITests */,
				DE00C1571F7220C500F8F4E5 /* Products */,
				9BEAB551AF34871BAF098FD3 /* Pods */,
				6C54A0E6A36A7CBF71C5A332 /* Frameworks */,
			);
			sourceTree = "<group>";
		};
		DE00C1571F7220C500F8F4E5 /* Products */ = {
			isa = PBXGroup;
			children = (
				DE00C1561F7220C500F8F4E5 /* WWKit.app */,
				DE00C16E1F7220C500F8F4E5 /* WWKitTests.xctest */,
				DE00C1791F7220C600F8F4E5 /* WWKitUITests.xctest */,
			);
			name = Products;
			sourceTree = "<group>";
		};
		DE00C1581F7220C500F8F4E5 /* WWKit */ = {
			isa = PBXGroup;
			children = (
				DEAAAA911F735B0C00A461F6 /* AppDelegate */,
				DEAAAA951F735B2100A461F6 /* General */,
				DEAAAA941F735B2100A461F6 /* Helpers */,
				DEAAAA981F735B2100A461F6 /* Macro */,
				DEAAAA961F735B2100A461F6 /* Main */,
				DEAAAA991F735B2100A461F6 /* Resources */,
				DEAAAAA71F73903D00A461F6 /* Supporting Files */,
			);
			path = WWKit;
			sourceTree = "<group>";
		};
		DE00C1711F7220C500F8F4E5 /* WWKitTests */ = {
			isa = PBXGroup;
			children = (
				DE00C1721F7220C500F8F4E5 /* WWKitTests.m */,
				DE00C1741F7220C500F8F4E5 /* Info.plist */,
			);
			path = WWKitTests;
			sourceTree = "<group>";
		};
		DE00C17C1F7220C600F8F4E5 /* WWKitUITests */ = {
			isa = PBXGroup;
			children = (
				DE00C17D1F7220C600F8F4E5 /* WWKitUITests.m */,
				DE00C17F1F7220C600F8F4E5 /* Info.plist */,
			);
			path = WWKitUITests;
			sourceTree = "<group>";
		};
		DEAAAA911F735B0C00A461F6 /* AppDelegate */ = {
			isa = PBXGroup;
			children = (
				DEAAAA921F735B0C00A461F6 /* AppDelegate.h */,
				DEAAAA931F735B0C00A461F6 /* AppDelegate.m */,
			);
			path = AppDelegate;
			sourceTree = "<group>";
		};
		DEAAAA941F735B2100A461F6 /* Helpers */ = {
			isa = PBXGroup;
			children = (
			);
			path = Helpers;
			sourceTree = "<group>";
		};
		DEAAAA951F735B2100A461F6 /* General */ = {
			isa = PBXGroup;
			children = (
				DEAAAA9B1F735BD400A461F6 /* Categories */,
				DEAAAA9A1F735BD400A461F6 /* Common */,
				DEAAAA9C1F735BD400A461F6 /* Views */,
			);
			path = General;
			sourceTree = "<group>";
		};
		DEAAAA961F735B2100A461F6 /* Main */ = {
			isa = PBXGroup;
			children = (
				DEAAAA971F735B2100A461F6 /* Home */,
			);
			path = Main;
			sourceTree = "<group>";
		};
		DEAAAA971F735B2100A461F6 /* Home */ = {
			isa = PBXGroup;
			children = (
				DEAAAA9D1F735C6100A461F6 /* Controller */,
				DEAAAAA11F735C6100A461F6 /* Model */,
				DEAAAAA01F735C6100A461F6 /* View */,
			);
			path = Home;
			sourceTree = "<group>";
		};
		DEAAAA981F735B2100A461F6 /* Macro */ = {
			isa = PBXGroup;
			children = (
			);
			path = Macro;
			sourceTree = "<group>";
		};
		DEAAAA991F735B2100A461F6 /* Resources */ = {
			isa = PBXGroup;
			children = (
			);
			path = Resources;
			sourceTree = "<group>";
		};
		DEAAAA9A1F735BD400A461F6 /* Common */ = {
			isa = PBXGroup;
			children = (
			);
			path = Common;
			sourceTree = "<group>";
		};
		DEAAAA9B1F735BD400A461F6 /* Categories */ = {
			isa = PBXGroup;
			children = (
			);
			path = Categories;
			sourceTree = "<group>";
		};
		DEAAAA9C1F735BD400A461F6 /* Views */ = {
			isa = PBXGroup;
			children = (
			);
			path = Views;
			sourceTree = "<group>";
		};
		DEAAAA9D1F735C6100A461F6 /* Controller */ = {
			isa = PBXGroup;
			children = (
				DEAAAA9E1F735C6100A461F6 /* WWHomeViewController.h */,
				DEAAAA9F1F735C6100A461F6 /* WWHomeViewController.m */,
			);
			path = Controller;
			sourceTree = "<group>";
		};
		DEAAAAA01F735C6100A461F6 /* View */ = {
			isa = PBXGroup;
			children = (
			);
			path = View;
			sourceTree = "<group>";
		};
		DEAAAAA11F735C6100A461F6 /* Model */ = {
			isa = PBXGroup;
			children = (
			);
			path = Model;
			sourceTree = "<group>";
		};
		DEAAAAA71F73903D00A461F6 /* Supporting Files */ = {
			isa = PBXGroup;
			children = (
				DE00C1621F7220C500F8F4E5 /* Assets.xcassets */,
				DE00C1671F7220C500F8F4E5 /* Info.plist */,
				DE00C1681F7220C500F8F4E5 /* main.m */,
				DEAAAAA81F7390A200A461F6 /* WWKit-Prefix.pch */,
			);
			path = "Supporting Files";
			sourceTree = "<group>";
		};
/* End PBXGroup section */

/* Begin PBXNativeTarget section */
		DE00C1551F7220C500F8F4E5 /* WWKit */ = {
			isa = PBXNativeTarget;
			buildConfigurationList = DE00C1821F7220C600F8F4E5 /* Build configuration list for PBXNativeTarget "WWKit" */;
			buildPhases = (
				068C203EF15F52EF18369B9A /* [CP] Check Pods Manifest.lock */,
				DE00C1521F7220C500F8F4E5 /* Sources */,
				DE00C1531F7220C500F8F4E5 /* Frameworks */,
				DE00C1541F7220C500F8F4E5 /* Resources */,
				4B81D9B1594C9CE586E0C7D9 /* [CP] Embed Pods Frameworks */,
				9F44BC0335C39E8C98F72FAB /* [CP] Copy Pods Resources */,
			);
			buildRules = (
			);
			dependencies = (
			);
			name = WWKit;
			productName = WWKit;
			productReference = DE00C1561F7220C500F8F4E5 /* WWKit.app */;
			productType = "com.apple.product-type.application";
		};
		DE00C16D1F7220C500F8F4E5 /* WWKitTests */ = {
			isa = PBXNativeTarget;
			buildConfigurationList = DE00C1851F7220C600F8F4E5 /* Build configuration list for PBXNativeTarget "WWKitTests" */;
			buildPhases = (
				7A5BCEB300300EF6FB610F1B /* [CP] Check Pods Manifest.lock */,
				DE00C16A1F7220C500F8F4E5 /* Sources */,
				DE00C16B1F7220C500F8F4E5 /* Frameworks */,
				DE00C16C1F7220C500F8F4E5 /* Resources */,
				5176F2504586BE0287FB5D5C /* [CP] Embed Pods Frameworks */,
				1C2248B29F62AD87042F3D08 /* [CP] Copy Pods Resources */,
			);
			buildRules = (
			);
			dependencies = (
				DE00C1701F7220C500F8F4E5 /* PBXTargetDependency */,
			);
			name = WWKitTests;
			productName = WWKitTests;
			productReference = DE00C16E1F7220C500F8F4E5 /* WWKitTests.xctest */;
			productType = "com.apple.product-type.bundle.unit-test";
		};
		DE00C1781F7220C600F8F4E5 /* WWKitUITests */ = {
			isa = PBXNativeTarget;
			buildConfigurationList = DE00C1881F7220C600F8F4E5 /* Build configuration list for PBXNativeTarget "WWKitUITests" */;
			buildPhases = (
				F318D402B4BB7DBFA0D4CA6C /* [CP] Check Pods Manifest.lock */,
				DE00C1751F7220C600F8F4E5 /* Sources */,
				DE00C1761F7220C600F8F4E5 /* Frameworks */,
				DE00C1771F7220C600F8F4E5 /* Resources */,
				3FC364D459E2D0BD373CF55D /* [CP] Embed Pods Frameworks */,
				E8687860CD0DB2A835BF0AB3 /* [CP] Copy Pods Resources */,
			);
			buildRules = (
			);
			dependencies = (
				DE00C17B1F7220C600F8F4E5 /* PBXTargetDependency */,
			);
			name = WWKitUITests;
			productName = WWKitUITests;
			productReference = DE00C1791F7220C600F8F4E5 /* WWKitUITests.xctest */;
			productType = "com.apple.product-type.bundle.ui-testing";
		};
/* End PBXNativeTarget section */

/* Begin PBXProject section */
		DE00C14E1F7220C500F8F4E5 /* Project object */ = {
			isa = PBXProject;
			attributes = {
				LastUpgradeCheck = 0900;
				ORGANIZATIONNAME = wwkit;
				TargetAttributes = {
					DE00C1551F7220C500F8F4E5 = {
						CreatedOnToolsVersion = 9.0;
						ProvisioningStyle = Automatic;
					};
					DE00C16D1F7220C500F8F4E5 = {
						CreatedOnToolsVersion = 9.0;
						ProvisioningStyle = Automatic;
						TestTargetID = DE00C1551F7220C500F8F4E5;
					};
					DE00C1781F7220C600F8F4E5 = {
						CreatedOnToolsVersion = 9.0;
						ProvisioningStyle = Automatic;
						TestTargetID = DE00C1551F7220C500F8F4E5;
					};
				};
			};
			buildConfigurationList = DE00C1511F7220C500F8F4E5 /* Build configuration list for PBXProject "WWKit" */;
			compatibilityVersion = "Xcode 8.0";
			developmentRegion = en;
			hasScannedForEncodings = 0;
			knownRegions = (
				en,
				Base,
			);
			mainGroup = DE00C14D1F7220C500F8F4E5;
			productRefGroup = DE00C1571F7220C500F8F4E5 /* Products */;
			projectDirPath = "";
			projectRoot = "";
			targets = (
				DE00C1551F7220C500F8F4E5 /* WWKit */,
				DE00C16D1F7220C500F8F4E5 /* WWKitTests */,
				DE00C1781F7220C600F8F4E5 /* WWKitUITests */,
			);
		};
/* End PBXProject section */

/* Begin PBXResourcesBuildPhase section */
		DE00C1541F7220C500F8F4E5 /* Resources */ = {
			isa = PBXResourcesBuildPhase;
			buildActionMask = 2147483647;
			files = (
				DE00C1631F7220C500F8F4E5 /* Assets.xcassets in Resources */,
				DE3911A21F72369400D74266 /* Default-568h@2x.png in Resources */,
			);
			runOnlyForDeploymentPostprocessing = 0;
		};
		DE00C16C1F7220C500F8F4E5 /* Resources */ = {
			isa = PBXResourcesBuildPhase;
			buildActionMask = 2147483647;
			files = (
			);
			runOnlyForDeploymentPostprocessing = 0;
		};
		DE00C1771F7220C600F8F4E5 /* Resources */ = {
			isa = PBXResourcesBuildPhase;
			buildActionMask = 2147483647;
			files = (
			);
			runOnlyForDeploymentPostprocessing = 0;
		};
/* End PBXResourcesBuildPhase section */

/* Begin PBXShellScriptBuildPhase section */
		068C203EF15F52EF18369B9A /* [CP] Check Pods Manifest.lock */ = {
			isa = PBXShellScriptBuildPhase;
			buildActionMask = 2147483647;
			files = (
			);
			inputPaths = (
				"${PODS_PODFILE_DIR_PATH}/Podfile.lock",
				"${PODS_ROOT}/Manifest.lock",
			);
			name = "[CP] Check Pods Manifest.lock";
			outputPaths = (
				"$(DERIVED_FILE_DIR)/Pods-WWKit-checkManifestLockResult.txt",
			);
			runOnlyForDeploymentPostprocessing = 0;
			shellPath = /bin/sh;
			shellScript = "diff \"${PODS_PODFILE_DIR_PATH}/Podfile.lock\" \"${PODS_ROOT}/Manifest.lock\" > /dev/null\nif [ $? != 0 ] ; then\n    # print error to STDERR\n    echo \"error: The sandbox is not in sync with the Podfile.lock. Run 'pod install' or update your CocoaPods installation.\" >&2\n    exit 1\nfi\n# This output is used by Xcode 'outputs' to avoid re-running this script phase.\necho \"SUCCESS\" > \"${SCRIPT_OUTPUT_FILE_0}\"\n";
			showEnvVarsInLog = 0;
		};
		1C2248B29F62AD87042F3D08 /* [CP] Copy Pods Resources */ = {
			isa = PBXShellScriptBuildPhase;
			buildActionMask = 2147483647;
			files = (
			);
			inputPaths = (
			);
			name = "[CP] Copy Pods Resources";
			outputPaths = (
			);
			runOnlyForDeploymentPostprocessing = 0;
			shellPath = /bin/sh;
			shellScript = "\"${SRCROOT}/Pods/Target Support Files/Pods-WWKitTests/Pods-WWKitTests-resources.sh\"\n";
			showEnvVarsInLog = 0;
		};
		3FC364D459E2D0BD373CF55D /* [CP] Embed Pods Frameworks */ = {
			isa = PBXShellScriptBuildPhase;
			buildActionMask = 2147483647;
			files = (
			);
			inputPaths = (
			);
			name = "[CP] Embed Pods Frameworks";
			outputPaths = (
			);
			runOnlyForDeploymentPostprocessing = 0;
			shellPath = /bin/sh;
			shellScript = "\"${SRCROOT}/Pods/Target Support Files/Pods-WWKitUITests/Pods-WWKitUITests-frameworks.sh\"\n";
			showEnvVarsInLog = 0;
		};
		4B81D9B1594C9CE586E0C7D9 /* [CP] Embed Pods Frameworks */ = {
			isa = PBXShellScriptBuildPhase;
			buildActionMask = 2147483647;
			files = (
			);
			inputPaths = (
			);
			name = "[CP] Embed Pods Frameworks";
			outputPaths = (
			);
			runOnlyForDeploymentPostprocessing = 0;
			shellPath = /bin/sh;
			shellScript = "\"${SRCROOT}/Pods/Target Support Files/Pods-WWKit/Pods-WWKit-frameworks.sh\"\n";
			showEnvVarsInLog = 0;
		};
		5176F2504586BE0287FB5D5C /* [CP] Embed Pods Frameworks */ = {
			isa = PBXShellScriptBuildPhase;
			buildActionMask = 2147483647;
			files = (
			);
			inputPaths = (
			);
			name = "[CP] Embed Pods Frameworks";
			outputPaths = (
			);
			runOnlyForDeploymentPostprocessing = 0;
			shellPath = /bin/sh;
			shellScript = "\"${SRCROOT}/Pods/Target Support Files/Pods-WWKitTests/Pods-WWKitTests-frameworks.sh\"\n";
			showEnvVarsInLog = 0;
		};
		7A5BCEB300300EF6FB610F1B /* [CP] Check Pods Manifest.lock */ = {
			isa = PBXShellScriptBuildPhase;
			buildActionMask = 2147483647;
			files = (
			);
			inputPaths = (
				"${PODS_PODFILE_DIR_PATH}/Podfile.lock",
				"${PODS_ROOT}/Manifest.lock",
			);
			name = "[CP] Check Pods Manifest.lock";
			outputPaths = (
				"$(DERIVED_FILE_DIR)/Pods-WWKitTests-checkManifestLockResult.txt",
			);
			runOnlyForDeploymentPostprocessing = 0;
			shellPath = /bin/sh;
			shellScript = "diff \"${PODS_PODFILE_DIR_PATH}/Podfile.lock\" \"${PODS_ROOT}/Manifest.lock\" > /dev/null\nif [ $? != 0 ] ; then\n    # print error to STDERR\n    echo \"error: The sandbox is not in sync with the Podfile.lock. Run 'pod install' or update your CocoaPods installation.\" >&2\n    exit 1\nfi\n# This output is used by Xcode 'outputs' to avoid re-running this script phase.\necho \"SUCCESS\" > \"${SCRIPT_OUTPUT_FILE_0}\"\n";
			showEnvVarsInLog = 0;
		};
		9F44BC0335C39E8C98F72FAB /* [CP] Copy Pods Resources */ = {
			isa = PBXShellScriptBuildPhase;
			buildActionMask = 2147483647;
			files = (
			);
			inputPaths = (
			);
			name = "[CP] Copy Pods Resources";
			outputPaths = (
			);
			runOnlyForDeploymentPostprocessing = 0;
			shellPath = /bin/sh;
			shellScript = "\"${SRCROOT}/Pods/Target Support Files/Pods-WWKit/Pods-WWKit-resources.sh\"\n";
			showEnvVarsInLog = 0;
		};
		E8687860CD0DB2A835BF0AB3 /* [CP] Copy Pods Resources */ = {
			isa = PBXShellScriptBuildPhase;
			buildActionMask = 2147483647;
			files = (
			);
			inputPaths = (
			);
			name = "[CP] Copy Pods Resources";
			outputPaths = (
			);
			runOnlyForDeploymentPostprocessing = 0;
			shellPath = /bin/sh;
			shellScript = "\"${SRCROOT}/Pods/Target Support Files/Pods-WWKitUITests/Pods-WWKitUITests-resources.sh\"\n";
			showEnvVarsInLog = 0;
		};
		F318D402B4BB7DBFA0D4CA6C /* [CP] Check Pods Manifest.lock */ = {
			isa = PBXShellScriptBuildPhase;
			buildActionMask = 2147483647;
			files = (
			);
			inputPaths = (
				"${PODS_PODFILE_DIR_PATH}/Podfile.lock",
				"${PODS_ROOT}/Manifest.lock",
			);
			name = "[CP] Check Pods Manifest.lock";
			outputPaths = (
				"$(DERIVED_FILE_DIR)/Pods-WWKitUITests-checkManifestLockResult.txt",
			);
			runOnlyForDeploymentPostprocessing = 0;
			shellPath = /bin/sh;
			shellScript = "diff \"${PODS_PODFILE_DIR_PATH}/Podfile.lock\" \"${PODS_ROOT}/Manifest.lock\" > /dev/null\nif [ $? != 0 ] ; then\n    # print error to STDERR\n    echo \"error: The sandbox is not in sync with the Podfile.lock. Run 'pod install' or update your CocoaPods installation.\" >&2\n    exit 1\nfi\n# This output is used by Xcode 'outputs' to avoid re-running this script phase.\necho \"SUCCESS\" > \"${SCRIPT_OUTPUT_FILE_0}\"\n";
			showEnvVarsInLog = 0;
		};
/* End PBXShellScriptBuildPhase section */

/* Begin PBXSourcesBuildPhase section */
		DE00C1521F7220C500F8F4E5 /* Sources */ = {
			isa = PBXSourcesBuildPhase;
			buildActionMask = 2147483647;
			files = (
				DEAAAAA61F735EC500A461F6 /* main.m in Sources */,
				DEAAAAA31F735E9F00A461F6 /* AppDelegate.m in Sources */,
				DEAAAAA51F735E9F00A461F6 /* WWHomeViewController.m in Sources */,
			);
			runOnlyForDeploymentPostprocessing = 0;
		};
		DE00C16A1F7220C500F8F4E5 /* Sources */ = {
			isa = PBXSourcesBuildPhase;
			buildActionMask = 2147483647;
			files = (
				DE00C1731F7220C500F8F4E5 /* WWKitTests.m in Sources */,
			);
			runOnlyForDeploymentPostprocessing = 0;
		};
		DE00C1751F7220C600F8F4E5 /* Sources */ = {
			isa = PBXSourcesBuildPhase;
			buildActionMask = 2147483647;
			files = (
				DE00C17E1F7220C600F8F4E5 /* WWKitUITests.m in Sources */,
			);
			runOnlyForDeploymentPostprocessing = 0;
		};
/* End PBXSourcesBuildPhase section */

/* Begin PBXTargetDependency section */
		DE00C1701F7220C500F8F4E5 /* PBXTargetDependency */ = {
			isa = PBXTargetDependency;
			target = DE00C1551F7220C500F8F4E5 /* WWKit */;
			targetProxy = DE00C16F1F7220C500F8F4E5 /* PBXContainerItemProxy */;
		};
		DE00C17B1F7220C600F8F4E5 /* PBXTargetDependency */ = {
			isa = PBXTargetDependency;
			target = DE00C1551F7220C500F8F4E5 /* WWKit */;
			targetProxy = DE00C17A1F7220C600F8F4E5 /* PBXContainerItemProxy */;
		};
/* End PBXTargetDependency section */

/* Begin XCBuildConfiguration section */
		DE00C1801F7220C600F8F4E5 /* Debug */ = {
			isa = XCBuildConfiguration;
			buildSettings = {
				ALWAYS_SEARCH_USER_PATHS = NO;
				CLANG_ANALYZER_NONNULL = YES;
				CLANG_ANALYZER_NUMBER_OBJECT_CONVERSION = YES_AGGRESSIVE;
				CLANG_CXX_LANGUAGE_STANDARD = "gnu++14";
				CLANG_CXX_LIBRARY = "libc++";
				CLANG_ENABLE_MODULES = YES;
				CLANG_ENABLE_OBJC_ARC = YES;
				CLANG_WARN_BLOCK_CAPTURE_AUTORELEASING = YES;
				CLANG_WARN_BOOL_CONVERSION = YES;
				CLANG_WARN_COMMA = YES;
				CLANG_WARN_CONSTANT_CONVERSION = YES;
				CLANG_WARN_DIRECT_OBJC_ISA_USAGE = YES_ERROR;
				CLANG_WARN_DOCUMENTATION_COMMENTS = YES;
				CLANG_WARN_EMPTY_BODY = YES;
				CLANG_WARN_ENUM_CONVERSION = YES;
				CLANG_WARN_INFINITE_RECURSION = YES;
				CLANG_WARN_INT_CONVERSION = YES;
				CLANG_WARN_NON_LITERAL_NULL_CONVERSION = YES;
				CLANG_WARN_OBJC_LITERAL_CONVERSION = YES;
				CLANG_WARN_OBJC_ROOT_CLASS = YES_ERROR;
				CLANG_WARN_RANGE_LOOP_ANALYSIS = YES;
				CLANG_WARN_STRICT_PROTOTYPES = YES;
				CLANG_WARN_SUSPICIOUS_MOVE = YES;
				CLANG_WARN_UNGUARDED_AVAILABILITY = YES_AGGRESSIVE;
				CLANG_WARN_UNREACHABLE_CODE = YES;
				CLANG_WARN__DUPLICATE_METHOD_MATCH = YES;
				CODE_SIGN_IDENTITY = "iPhone Developer";
				COPY_PHASE_STRIP = NO;
				DEBUG_INFORMATION_FORMAT = dwarf;
				ENABLE_STRICT_OBJC_MSGSEND = YES;
				ENABLE_TESTABILITY = YES;
				GCC_C_LANGUAGE_STANDARD = gnu11;
				GCC_DYNAMIC_NO_PIC = NO;
				GCC_NO_COMMON_BLOCKS = YES;
				GCC_OPTIMIZATION_LEVEL = 0;
				GCC_PREPROCESSOR_DEFINITIONS = (
					"DEBUG=1",
					"$(inherited)",
				);
				GCC_WARN_64_TO_32_BIT_CONVERSION = YES;
				GCC_WARN_ABOUT_RETURN_TYPE = YES_ERROR;
				GCC_WARN_UNDECLARED_SELECTOR = YES;
				GCC_WARN_UNINITIALIZED_AUTOS = YES_AGGRESSIVE;
				GCC_WARN_UNUSED_FUNCTION = YES;
				GCC_WARN_UNUSED_VARIABLE = YES;
				IPHONEOS_DEPLOYMENT_TARGET = 8.0;
				MTL_ENABLE_DEBUG_INFO = YES;
				ONLY_ACTIVE_ARCH = YES;
				SDKROOT = iphoneos;
			};
			name = Debug;
		};
		DE00C1811F7220C600F8F4E5 /* Release */ = {
			isa = XCBuildConfiguration;
			buildSettings = {
				ALWAYS_SEARCH_USER_PATHS = NO;
				CLANG_ANALYZER_NONNULL = YES;
				CLANG_ANALYZER_NUMBER_OBJECT_CONVERSION = YES_AGGRESSIVE;
				CLANG_CXX_LANGUAGE_STANDARD = "gnu++14";
				CLANG_CXX_LIBRARY = "libc++";
				CLANG_ENABLE_MODULES = YES;
				CLANG_ENABLE_OBJC_ARC = YES;
				CLANG_WARN_BLOCK_CAPTURE_AUTORELEASING = YES;
				CLANG_WARN_BOOL_CONVERSION = YES;
				CLANG_WARN_COMMA = YES;
				CLANG_WARN_CONSTANT_CONVERSION = YES;
				CLANG_WARN_DIRECT_OBJC_ISA_USAGE = YES_ERROR;
				CLANG_WARN_DOCUMENTATION_COMMENTS = YES;
				CLANG_WARN_EMPTY_BODY = YES;
				CLANG_WARN_ENUM_CONVERSION = YES;
				CLANG_WARN_INFINITE_RECURSION = YES;
				CLANG_WARN_INT_CONVERSION = YES;
				CLANG_WARN_NON_LITERAL_NULL_CONVERSION = YES;
				CLANG_WARN_OBJC_LITERAL_CONVERSION = YES;
				CLANG_WARN_OBJC_ROOT_CLASS = YES_ERROR;
				CLANG_WARN_RANGE_LOOP_ANALYSIS = YES;
				CLANG_WARN_STRICT_PROTOTYPES = YES;
				CLANG_WARN_SUSPICIOUS_MOVE = YES;
				CLANG_WARN_UNGUARDED_AVAILABILITY = YES_AGGRESSIVE;
				CLANG_WARN_UNREACHABLE_CODE = YES;
				CLANG_WARN__DUPLICATE_METHOD_MATCH = YES;
				CODE_SIGN_IDENTITY = "iPhone Developer";
				COPY_PHASE_STRIP = NO;
				DEBUG_INFORMATION_FORMAT = "dwarf-with-dsym";
				ENABLE_NS_ASSERTIONS = NO;
				ENABLE_STRICT_OBJC_MSGSEND = YES;
				GCC_C_LANGUAGE_STANDARD = gnu11;
				GCC_NO_COMMON_BLOCKS = YES;
				GCC_WARN_64_TO_32_BIT_CONVERSION = YES;
				GCC_WARN_ABOUT_RETURN_TYPE = YES_ERROR;
				GCC_WARN_UNDECLARED_SELECTOR = YES;
				GCC_WARN_UNINITIALIZED_AUTOS = YES_AGGRESSIVE;
				GCC_WARN_UNUSED_FUNCTION = YES;
				GCC_WARN_UNUSED_VARIABLE = YES;
				IPHONEOS_DEPLOYMENT_TARGET = 8.0;
				MTL_ENABLE_DEBUG_INFO = NO;
				SDKROOT = iphoneos;
				VALIDATE_PRODUCT = YES;
			};
			name = Release;
		};
		DE00C1831F7220C600F8F4E5 /* Debug */ = {
			isa = XCBuildConfiguration;
			baseConfigurationReference = AD09159EE5F524BF2A322651 /* Pods-WWKit.debug.xcconfig */;
			buildSettings = {
				ASSETCATALOG_COMPILER_APPICON_NAME = AppIcon;
				CODE_SIGN_STYLE = Automatic;
				DEVELOPMENT_TEAM = 79UV3HJ93T;
				GCC_INCREASE_PRECOMPILED_HEADER_SHARING = NO;
				GCC_PREFIX_HEADER = "WWKit/Supporting Files/WWKit-Prefix.pch";
				INFOPLIST_FILE = "WWKit/Supporting Files/Info.plist";
				IPHONEOS_DEPLOYMENT_TARGET = 8.0;
				LD_RUNPATH_SEARCH_PATHS = "$(inherited) @executable_path/Frameworks";
				PRODUCT_BUNDLE_IDENTIFIER = com.wwkit.WWKit;
				PRODUCT_NAME = "$(TARGET_NAME)";
				TARGETED_DEVICE_FAMILY = "1,2";
				VALID_ARCHS = "armv7 armv7s arm64";
			};
			name = Debug;
		};
		DE00C1841F7220C600F8F4E5 /* Release */ = {
			isa = XCBuildConfiguration;
			baseConfigurationReference = F19AF68FF10BA6C4CADEF2BC /* Pods-WWKit.release.xcconfig */;
			buildSettings = {
				ASSETCATALOG_COMPILER_APPICON_NAME = AppIcon;
				CODE_SIGN_STYLE = Automatic;
				DEVELOPMENT_TEAM = 79UV3HJ93T;
				GCC_INCREASE_PRECOMPILED_HEADER_SHARING = NO;
				GCC_PREFIX_HEADER = "WWKit/Supporting Files/WWKit-Prefix.pch";
				INFOPLIST_FILE = "WWKit/Supporting Files/Info.plist";
				IPHONEOS_DEPLOYMENT_TARGET = 8.0;
				LD_RUNPATH_SEARCH_PATHS = "$(inherited) @executable_path/Frameworks";
				PRODUCT_BUNDLE_IDENTIFIER = com.wwkit.WWKit;
				PRODUCT_NAME = "$(TARGET_NAME)";
				TARGETED_DEVICE_FAMILY = "1,2";
				VALID_ARCHS = "armv7 armv7s arm64";
			};
			name = Release;
		};
		DE00C1861F7220C600F8F4E5 /* Debug */ = {
			isa = XCBuildConfiguration;
			baseConfigurationReference = 9B9DBCFA2027BB4B94429E3C /* Pods-WWKitTests.debug.xcconfig */;
			buildSettings = {
				BUNDLE_LOADER = "$(TEST_HOST)";
				CODE_SIGN_STYLE = Automatic;
				INFOPLIST_FILE = WWKitTests/Info.plist;
				LD_RUNPATH_SEARCH_PATHS = "$(inherited) @executable_path/Frameworks @loader_path/Frameworks";
				PRODUCT_BUNDLE_IDENTIFIER = com.wwkit.WWKitTests;
				PRODUCT_NAME = "$(TARGET_NAME)";
				TARGETED_DEVICE_FAMILY = "1,2";
				TEST_HOST = "$(BUILT_PRODUCTS_DIR)/WWKit.app/WWKit";
			};
			name = Debug;
		};
		DE00C1871F7220C600F8F4E5 /* Release */ = {
			isa = XCBuildConfiguration;
			baseConfigurationReference = 6A450381ABFAFE1ACB83ED1E /* Pods-WWKitTests.release.xcconfig */;
			buildSettings = {
				BUNDLE_LOADER = "$(TEST_HOST)";
				CODE_SIGN_STYLE = Automatic;
				INFOPLIST_FILE = WWKitTests/Info.plist;
				LD_RUNPATH_SEARCH_PATHS = "$(inherited) @executable_path/Frameworks @loader_path/Frameworks";
				PRODUCT_BUNDLE_IDENTIFIER = com.wwkit.WWKitTests;
				PRODUCT_NAME = "$(TARGET_NAME)";
				TARGETED_DEVICE_FAMILY = "1,2";
				TEST_HOST = "$(BUILT_PRODUCTS_DIR)/WWKit.app/WWKit";
			};
			name = Release;
		};
		DE00C1891F7220C600F8F4E5 /* Debug */ = {
			isa = XCBuildConfiguration;
			baseConfigurationReference = AFBF9794EF91CFD9373FE183 /* Pods-WWKitUITests.debug.xcconfig */;
			buildSettings = {
				CODE_SIGN_STYLE = Automatic;
				INFOPLIST_FILE = WWKitUITests/Info.plist;
				LD_RUNPATH_SEARCH_PATHS = "$(inherited) @executable_path/Frameworks @loader_path/Frameworks";
				PRODUCT_BUNDLE_IDENTIFIER = com.wwkit.WWKitUITests;
				PRODUCT_NAME = "$(TARGET_NAME)";
				TARGETED_DEVICE_FAMILY = "1,2";
				TEST_TARGET_NAME = WWKit;
			};
			name = Debug;
		};
		DE00C18A1F7220C600F8F4E5 /* Release */ = {
			isa = XCBuildConfiguration;
			baseConfigurationReference = D0CB9F1AD5CFF22CC7AE9649 /* Pods-WWKitUITests.release.xcconfig */;
			buildSettings = {
				CODE_SIGN_STYLE = Automatic;
				INFOPLIST_FILE = WWKitUITests/Info.plist;
				LD_RUNPATH_SEARCH_PATHS = "$(inherited) @executable_path/Frameworks @loader_path/Frameworks";
				PRODUCT_BUNDLE_IDENTIFIER = com.wwkit.WWKitUITests;
				PRODUCT_NAME = "$(TARGET_NAME)";
				TARGETED_DEVICE_FAMILY = "1,2";
				TEST_TARGET_NAME = WWKit;
			};
			name = Release;
		};
/* End XCBuildConfiguration section */

/* Begin XCConfigurationList section */
		DE00C1511F7220C500F8F4E5 /* Build configuration list for PBXProject "WWKit" */ = {
			isa = XCConfigurationList;
			buildConfigurations = (
				DE00C1801F7220C600F8F4E5 /* Debug */,
				DE00C1811F7220C600F8F4E5 /* Release */,
			);
			defaultConfigurationIsVisible = 0;
			defaultConfigurationName = Release;
		};
		DE00C1821F7220C600F8F4E5 /* Build configuration list for PBXNativeTarget "WWKit" */ = {
			isa = XCConfigurationList;
			buildConfigurations = (
				DE00C1831F7220C600F8F4E5 /* Debug */,
				DE00C1841F7220C600F8F4E5 /* Release */,
			);
			defaultConfigurationIsVisible = 0;
			defaultConfigurationName = Release;
		};
		DE00C1851F7220C600F8F4E5 /* Build configuration list for PBXNativeTarget "WWKitTests" */ = {
			isa = XCConfigurationList;
			buildConfigurations = (
				DE00C1861F7220C600F8F4E5 /* Debug */,
				DE00C1871F7220C600F8F4E5 /* Release */,
			);
			defaultConfigurationIsVisible = 0;
			defaultConfigurationName = Release;
		};
		DE00C1881F7220C600F8F4E5 /* Build configuration list for PBXNativeTarget "WWKitUITests" */ = {
			isa = XCConfigurationList;
			buildConfigurations = (
				DE00C1891F7220C600F8F4E5 /* Debug */,
				DE00C18A1F7220C600F8F4E5 /* Release */,
			);
			defaultConfigurationIsVisible = 0;
			defaultConfigurationName = Release;
		};
/* End XCConfigurationList section */
	};
	rootObject = DE00C14E1F7220C500F8F4E5 /* Project object */;
}
