// !$*UTF8*$!
{
	archiveVersion = 1;
	classes = {
	};
	objectVersion = 48;
	objects = {

/* Begin PBXBuildFile section */
		0440BE6A1FA9A85D009C5C02 /* AppDelegate+AppService.m in Sources */ = {isa = PBXBuildFile; fileRef = 0440BE691FA9A85D009C5C02 /* AppDelegate+AppService.m */; };
		0440BE7A1FA9B0FF009C5C02 /* UIDevice+YYAdd.m in Sources */ = {isa = PBXBuildFile; fileRef = 0440BE791FA9B0FE009C5C02 /* UIDevice+YYAdd.m */; };
		0440BE7F1FA9BC2C009C5C02 /* WWLoginViewController.m in Sources */ = {isa = PBXBuildFile; fileRef = 0440BE7E1FA9BC2C009C5C02 /* WWLoginViewController.m */; };
		0440BE821FA9D14E009C5C02 /* UIFont+WWTTF.m in Sources */ = {isa = PBXBuildFile; fileRef = 0440BE811FA9D14E009C5C02 /* UIFont+WWTTF.m */; };
		0440BE851FA9D614009C5C02 /* UINavigationBar+Ext.m in Sources */ = {isa = PBXBuildFile; fileRef = 0440BE841FA9D614009C5C02 /* UINavigationBar+Ext.m */; };
		0440BE881FA9D782009C5C02 /* UIWindow+Ext.m in Sources */ = {isa = PBXBuildFile; fileRef = 0440BE871FA9D782009C5C02 /* UIWindow+Ext.m */; };
		04B8C48F1F736D3700FD9EE0 /* WWBaseNavigationViewController.m in Sources */ = {isa = PBXBuildFile; fileRef = 04B8C48E1F736D3700FD9EE0 /* WWBaseNavigationViewController.m */; };
		04B8C4961F736E6900FD9EE0 /* UIBarButtonItem+Ext.m in Sources */ = {isa = PBXBuildFile; fileRef = 04B8C4951F736E6900FD9EE0 /* UIBarButtonItem+Ext.m */; };
		04B8C4991F73922E00FD9EE0 /* UIColor+Ext.m in Sources */ = {isa = PBXBuildFile; fileRef = 04B8C4981F73922E00FD9EE0 /* UIColor+Ext.m */; };
		04B8C49F1F7396ED00FD9EE0 /* UIView+Ext.m in Sources */ = {isa = PBXBuildFile; fileRef = 04B8C49E1F7396ED00FD9EE0 /* UIView+Ext.m */; };
		04B8C4A21F73A54500FD9EE0 /* WWBaseTableViewCell.m in Sources */ = {isa = PBXBuildFile; fileRef = 04B8C4A11F73A54500FD9EE0 /* WWBaseTableViewCell.m */; };
		04B8C4A61F73A68700FD9EE0 /* WWHomeCell.m in Sources */ = {isa = PBXBuildFile; fileRef = 04B8C4A51F73A68700FD9EE0 /* WWHomeCell.m */; };
		04B8C4AC1F73B67F00FD9EE0 /* NSDate+Utilities.m in Sources */ = {isa = PBXBuildFile; fileRef = 04B8C4AB1F73B67F00FD9EE0 /* NSDate+Utilities.m */; };
		04B8C4AF1F73B9BD00FD9EE0 /* NSDictionary+UrlEncoding.m in Sources */ = {isa = PBXBuildFile; fileRef = 04B8C4AE1F73B9BD00FD9EE0 /* NSDictionary+UrlEncoding.m */; };
		04B8C4B51F73BA4700FD9EE0 /* NSString+Additions.m in Sources */ = {isa = PBXBuildFile; fileRef = 04B8C4B41F73BA4700FD9EE0 /* NSString+Additions.m */; };
		04B8C4B81F73BB3F00FD9EE0 /* NSString+JSON.m in Sources */ = {isa = PBXBuildFile; fileRef = 04B8C4B71F73BB3F00FD9EE0 /* NSString+JSON.m */; };
		04B8C4BB1F73BBAE00FD9EE0 /* NSURL+Additions.m in Sources */ = {isa = PBXBuildFile; fileRef = 04B8C4BA1F73BBAE00FD9EE0 /* NSURL+Additions.m */; };
		04B8C4BE1F73BC0700FD9EE0 /* UIButton+Ext.m in Sources */ = {isa = PBXBuildFile; fileRef = 04B8C4BD1F73BC0700FD9EE0 /* UIButton+Ext.m */; };
		04C616B21FA99E0300F8E33B /* MBProgressHUD+WW.m in Sources */ = {isa = PBXBuildFile; fileRef = 04C616B11FA99E0300F8E33B /* MBProgressHUD+WW.m */; };
		04C616B61FA9A00800F8E33B /* WWFPSLabel.m in Sources */ = {isa = PBXBuildFile; fileRef = 04C616B51FA9A00800F8E33B /* WWFPSLabel.m */; };
		04C616B91FA9A16700F8E33B /* WWWeakProxy.m in Sources */ = {isa = PBXBuildFile; fileRef = 04C616B81FA9A16700F8E33B /* WWWeakProxy.m */; };
		404EC3B10B13C77F3618E13D /* libPods-WWKitTests.a in Frameworks */ = {isa = PBXBuildFile; fileRef = 4BC785A253D04B6B2B6165EA /* libPods-WWKitTests.a */; };
		A5128370C1294011A4ACCA99 /* libPods-WWKit.a in Frameworks */ = {isa = PBXBuildFile; fileRef = CE7A17F47A5E12566595EE2B /* libPods-WWKit.a */; };
		C51F642F1FA9641E0080E4D3 /* WWBaseViewController.m in Sources */ = {isa = PBXBuildFile; fileRef = C51F642D1FA9641D0080E4D3 /* WWBaseViewController.m */; };
		C51F64321FA964260080E4D3 /* WWCollectionViewFlowLayout.m in Sources */ = {isa = PBXBuildFile; fileRef = C51F64311FA964260080E4D3 /* WWCollectionViewFlowLayout.m */; };
		C51F64361FA9B3190080E4D3 /* UIImage+WWAdd.m in Sources */ = {isa = PBXBuildFile; fileRef = C51F64351FA9B3190080E4D3 /* UIImage+WWAdd.m */; };
		C51F643C1FA9BA990080E4D3 /* WWTabBarItem.m in Sources */ = {isa = PBXBuildFile; fileRef = C51F643B1FA9BA990080E4D3 /* WWTabBarItem.m */; };
		C51F643F1FA9BAFF0080E4D3 /* UILabel+WWAdd.m in Sources */ = {isa = PBXBuildFile; fileRef = C51F643E1FA9BAFF0080E4D3 /* UILabel+WWAdd.m */; };
		C51F64421FA9C02B0080E4D3 /* WWTabBarViewController.m in Sources */ = {isa = PBXBuildFile; fileRef = C51F64411FA9C02B0080E4D3 /* WWTabBarViewController.m */; };
		C51F64781FAB596C0080E4D3 /* WWHomeModel.m in Sources */ = {isa = PBXBuildFile; fileRef = C51F64771FAB596C0080E4D3 /* WWHomeModel.m */; };
		C51F647B1FAB652E0080E4D3 /* WWBaseResponse.m in Sources */ = {isa = PBXBuildFile; fileRef = C51F647A1FAB652E0080E4D3 /* WWBaseResponse.m */; };
		C51F647E1FAB6A410080E4D3 /* WWBaseModel.m in Sources */ = {isa = PBXBuildFile; fileRef = C51F647D1FAB6A410080E4D3 /* WWBaseModel.m */; };
		C59D5F201FAB784100D32D52 /* WWHomeViewController.m in Sources */ = {isa = PBXBuildFile; fileRef = DEAAAA9F1F735C6100A461F6 /* WWHomeViewController.m */; };
		C59D5F211FAB785300D32D52 /* WWBaseDataRequest.m in Sources */ = {isa = PBXBuildFile; fileRef = C51F64711FAAE3C50080E4D3 /* WWBaseDataRequest.m */; };
		C59D5F221FAB786200D32D52 /* WWRequest.m in Sources */ = {isa = PBXBuildFile; fileRef = C51F646C1FAAD01D0080E4D3 /* WWRequest.m */; };
		DE00C1631F7220C500F8F4E5 /* Assets.xcassets in Resources */ = {isa = PBXBuildFile; fileRef = DE00C1621F7220C500F8F4E5 /* Assets.xcassets */; };
		DE00C1731F7220C500F8F4E5 /* WWKitTests.m in Sources */ = {isa = PBXBuildFile; fileRef = DE00C1721F7220C500F8F4E5 /* WWKitTests.m */; };
		DE00C17E1F7220C600F8F4E5 /* WWKitUITests.m in Sources */ = {isa = PBXBuildFile; fileRef = DE00C17D1F7220C600F8F4E5 /* WWKitUITests.m */; };
		DE3911A21F72369400D74266 /* Default-568h@2x.png in Resources */ = {isa = PBXBuildFile; fileRef = DE3911A11F72369400D74266 /* Default-568h@2x.png */; };
		DEAAAAA31F735E9F00A461F6 /* AppDelegate.m in Sources */ = {isa = PBXBuildFile; fileRef = DEAAAA931F735B0C00A461F6 /* AppDelegate.m */; };
		DEAAAAA61F735EC500A461F6 /* main.m in Sources */ = {isa = PBXBuildFile; fileRef = DE00C1681F7220C500F8F4E5 /* main.m */; };
		DEAAAAC61F73A1BF00A461F6 /* Localizable.strings in Resources */ = {isa = PBXBuildFile; fileRef = DEAAAAC81F73A1BF00A461F6 /* Localizable.strings */; };
		DEAAAAC91F73A1C200A461F6 /* InfoPlist.strings in Resources */ = {isa = PBXBuildFile; fileRef = DEAAAACB1F73A1C200A461F6 /* InfoPlist.strings */; };
		E9AF129E1558C6CB3052524F /* libPods-WWKitUITests.a in Frameworks */ = {isa = PBXBuildFile; fileRef = 919620513629421A39658B0B /* libPods-WWKitUITests.a */; };
/* End PBXBuildFile section */

/* Begin PBXContainerItemProxy section */
		DE00C16F1F7220C500F8F4E5 /* PBXContainerItemProxy */ = {
			isa = PBXContainerItemProxy;
			containerPortal = DE00C14E1F7220C500F8F4E5 /* Project object */;
			proxyType = 1;
			remoteGlobalIDString = DE00C1551F7220C500F8F4E5;
			remoteInfo = WWKit;
		};
		DE00C17A1F7220C600F8F4E5 /* PBXContainerItemProxy */ = {
			isa = PBXContainerItemProxy;
			containerPortal = DE00C14E1F7220C500F8F4E5 /* Project object */;
			proxyType = 1;
			remoteGlobalIDString = DE00C1551F7220C500F8F4E5;
			remoteInfo = WWKit;
		};
/* End PBXContainerItemProxy section */

/* Begin PBXFileReference section */
		0440BE681FA9A85D009C5C02 /* AppDelegate+AppService.h */ = {isa = PBXFileReference; lastKnownFileType = sourcecode.c.h; path = "AppDelegate+AppService.h"; sourceTree = "<group>"; };
		0440BE691FA9A85D009C5C02 /* AppDelegate+AppService.m */ = {isa = PBXFileReference; lastKnownFileType = sourcecode.c.objc; path = "AppDelegate+AppService.m"; sourceTree = "<group>"; };
		0440BE6B1FA9A8B6009C5C02 /* CommonMacros.h */ = {isa = PBXFileReference; lastKnownFileType = sourcecode.c.h; path = CommonMacros.h; sourceTree = "<group>"; };
		0440BE6C1FA9A9D5009C5C02 /* QRCodeView.m */ = {isa = PBXFileReference; lastKnownFileType = sourcecode.c.objc; name = QRCodeView.m; path = WWKit/General/Views/QRCodeView.m; sourceTree = SOURCE_ROOT; };
		0440BE6D1FA9A9D5009C5C02 /* QRCodeView.h */ = {isa = PBXFileReference; lastKnownFileType = sourcecode.c.h; name = QRCodeView.h; path = WWKit/General/Views/QRCodeView.h; sourceTree = SOURCE_ROOT; };
		0440BE731FA9AD96009C5C02 /* OpenUDID.m */ = {isa = PBXFileReference; lastKnownFileType = sourcecode.c.objc; path = OpenUDID.m; sourceTree = "<group>"; };
		0440BE741FA9AD96009C5C02 /* OpenUDID.h */ = {isa = PBXFileReference; lastKnownFileType = sourcecode.c.h; path = OpenUDID.h; sourceTree = "<group>"; };
		0440BE781FA9B0FE009C5C02 /* UIDevice+YYAdd.h */ = {isa = PBXFileReference; lastKnownFileType = sourcecode.c.h; path = "UIDevice+YYAdd.h"; sourceTree = "<group>"; };
		0440BE791FA9B0FE009C5C02 /* UIDevice+YYAdd.m */ = {isa = PBXFileReference; lastKnownFileType = sourcecode.c.objc; path = "UIDevice+YYAdd.m"; sourceTree = "<group>"; };
		0440BE7D1FA9BC2C009C5C02 /* WWLoginViewController.h */ = {isa = PBXFileReference; lastKnownFileType = sourcecode.c.h; path = WWLoginViewController.h; sourceTree = "<group>"; };
		0440BE7E1FA9BC2C009C5C02 /* WWLoginViewController.m */ = {isa = PBXFileReference; lastKnownFileType = sourcecode.c.objc; path = WWLoginViewController.m; sourceTree = "<group>"; };
		0440BE801FA9D14D009C5C02 /* UIFont+WWTTF.h */ = {isa = PBXFileReference; lastKnownFileType = sourcecode.c.h; path = "UIFont+WWTTF.h"; sourceTree = "<group>"; };
		0440BE811FA9D14E009C5C02 /* UIFont+WWTTF.m */ = {isa = PBXFileReference; lastKnownFileType = sourcecode.c.objc; path = "UIFont+WWTTF.m"; sourceTree = "<group>"; };
		0440BE831FA9D614009C5C02 /* UINavigationBar+Ext.h */ = {isa = PBXFileReference; lastKnownFileType = sourcecode.c.h; path = "UINavigationBar+Ext.h"; sourceTree = "<group>"; };
		0440BE841FA9D614009C5C02 /* UINavigationBar+Ext.m */ = {isa = PBXFileReference; lastKnownFileType = sourcecode.c.objc; path = "UINavigationBar+Ext.m"; sourceTree = "<group>"; };
		0440BE861FA9D782009C5C02 /* UIWindow+Ext.h */ = {isa = PBXFileReference; lastKnownFileType = sourcecode.c.h; path = "UIWindow+Ext.h"; sourceTree = "<group>"; };
		0440BE871FA9D782009C5C02 /* UIWindow+Ext.m */ = {isa = PBXFileReference; lastKnownFileType = sourcecode.c.objc; path = "UIWindow+Ext.m"; sourceTree = "<group>"; };
		04B8C48D1F736D3700FD9EE0 /* WWBaseNavigationViewController.h */ = {isa = PBXFileReference; lastKnownFileType = sourcecode.c.h; path = WWBaseNavigationViewController.h; sourceTree = "<group>"; };
		04B8C48E1F736D3700FD9EE0 /* WWBaseNavigationViewController.m */ = {isa = PBXFileReference; lastKnownFileType = sourcecode.c.objc; path = WWBaseNavigationViewController.m; sourceTree = "<group>"; };
		04B8C4941F736E6900FD9EE0 /* UIBarButtonItem+Ext.h */ = {isa = PBXFileReference; lastKnownFileType = sourcecode.c.h; path = "UIBarButtonItem+Ext.h"; sourceTree = "<group>"; };
		04B8C4951F736E6900FD9EE0 /* UIBarButtonItem+Ext.m */ = {isa = PBXFileReference; lastKnownFileType = sourcecode.c.objc; path = "UIBarButtonItem+Ext.m"; sourceTree = "<group>"; };
		04B8C4971F73922E00FD9EE0 /* UIColor+Ext.h */ = {isa = PBXFileReference; lastKnownFileType = sourcecode.c.h; path = "UIColor+Ext.h"; sourceTree = "<group>"; };
		04B8C4981F73922E00FD9EE0 /* UIColor+Ext.m */ = {isa = PBXFileReference; lastKnownFileType = sourcecode.c.objc; path = "UIColor+Ext.m"; sourceTree = "<group>"; };
		04B8C49C1F73958500FD9EE0 /* WWKitAdditions.h */ = {isa = PBXFileReference; lastKnownFileType = sourcecode.c.h; path = WWKitAdditions.h; sourceTree = "<group>"; };
		04B8C49D1F7396ED00FD9EE0 /* UIView+Ext.h */ = {isa = PBXFileReference; lastKnownFileType = sourcecode.c.h; path = "UIView+Ext.h"; sourceTree = "<group>"; };
		04B8C49E1F7396ED00FD9EE0 /* UIView+Ext.m */ = {isa = PBXFileReference; lastKnownFileType = sourcecode.c.objc; path = "UIView+Ext.m"; sourceTree = "<group>"; };
		04B8C4A01F73A54500FD9EE0 /* WWBaseTableViewCell.h */ = {isa = PBXFileReference; lastKnownFileType = sourcecode.c.h; path = WWBaseTableViewCell.h; sourceTree = "<group>"; };
		04B8C4A11F73A54500FD9EE0 /* WWBaseTableViewCell.m */ = {isa = PBXFileReference; lastKnownFileType = sourcecode.c.objc; path = WWBaseTableViewCell.m; sourceTree = "<group>"; };
		04B8C4A31F73A5D100FD9EE0 /* WWUtilsMacro.h */ = {isa = PBXFileReference; lastKnownFileType = sourcecode.c.h; path = WWUtilsMacro.h; sourceTree = "<group>"; };
		04B8C4A41F73A68700FD9EE0 /* WWHomeCell.h */ = {isa = PBXFileReference; lastKnownFileType = sourcecode.c.h; path = WWHomeCell.h; sourceTree = "<group>"; };
		04B8C4A51F73A68700FD9EE0 /* WWHomeCell.m */ = {isa = PBXFileReference; lastKnownFileType = sourcecode.c.objc; path = WWHomeCell.m; sourceTree = "<group>"; };
		04B8C4AA1F73B67F00FD9EE0 /* NSDate+Utilities.h */ = {isa = PBXFileReference; lastKnownFileType = sourcecode.c.h; path = "NSDate+Utilities.h"; sourceTree = "<group>"; };
		04B8C4AB1F73B67F00FD9EE0 /* NSDate+Utilities.m */ = {isa = PBXFileReference; lastKnownFileType = sourcecode.c.objc; path = "NSDate+Utilities.m"; sourceTree = "<group>"; };
		04B8C4AD1F73B9BD00FD9EE0 /* NSDictionary+UrlEncoding.h */ = {isa = PBXFileReference; lastKnownFileType = sourcecode.c.h; path = "NSDictionary+UrlEncoding.h"; sourceTree = "<group>"; };
		04B8C4AE1F73B9BD00FD9EE0 /* NSDictionary+UrlEncoding.m */ = {isa = PBXFileReference; lastKnownFileType = sourcecode.c.objc; path = "NSDictionary+UrlEncoding.m"; sourceTree = "<group>"; };
		04B8C4B31F73BA4700FD9EE0 /* NSString+Additions.h */ = {isa = PBXFileReference; lastKnownFileType = sourcecode.c.h; path = "NSString+Additions.h"; sourceTree = "<group>"; };
		04B8C4B41F73BA4700FD9EE0 /* NSString+Additions.m */ = {isa = PBXFileReference; lastKnownFileType = sourcecode.c.objc; path = "NSString+Additions.m"; sourceTree = "<group>"; };
		04B8C4B61F73BB3F00FD9EE0 /* NSString+JSON.h */ = {isa = PBXFileReference; lastKnownFileType = sourcecode.c.h; path = "NSString+JSON.h"; sourceTree = "<group>"; };
		04B8C4B71F73BB3F00FD9EE0 /* NSString+JSON.m */ = {isa = PBXFileReference; lastKnownFileType = sourcecode.c.objc; path = "NSString+JSON.m"; sourceTree = "<group>"; };
		04B8C4B91F73BBAE00FD9EE0 /* NSURL+Additions.h */ = {isa = PBXFileReference; lastKnownFileType = sourcecode.c.h; path = "NSURL+Additions.h"; sourceTree = "<group>"; };
		04B8C4BA1F73BBAE00FD9EE0 /* NSURL+Additions.m */ = {isa = PBXFileReference; lastKnownFileType = sourcecode.c.objc; path = "NSURL+Additions.m"; sourceTree = "<group>"; };
		04B8C4BC1F73BC0700FD9EE0 /* UIButton+Ext.h */ = {isa = PBXFileReference; lastKnownFileType = sourcecode.c.h; path = "UIButton+Ext.h"; sourceTree = "<group>"; };
		04B8C4BD1F73BC0700FD9EE0 /* UIButton+Ext.m */ = {isa = PBXFileReference; lastKnownFileType = sourcecode.c.objc; path = "UIButton+Ext.m"; sourceTree = "<group>"; };
		04C616B01FA99E0300F8E33B /* MBProgressHUD+WW.h */ = {isa = PBXFileReference; lastKnownFileType = sourcecode.c.h; path = "MBProgressHUD+WW.h"; sourceTree = "<group>"; };
		04C616B11FA99E0300F8E33B /* MBProgressHUD+WW.m */ = {isa = PBXFileReference; lastKnownFileType = sourcecode.c.objc; path = "MBProgressHUD+WW.m"; sourceTree = "<group>"; };
		04C616B41FA9A00800F8E33B /* WWFPSLabel.h */ = {isa = PBXFileReference; lastKnownFileType = sourcecode.c.h; path = WWFPSLabel.h; sourceTree = "<group>"; };
		04C616B51FA9A00800F8E33B /* WWFPSLabel.m */ = {isa = PBXFileReference; lastKnownFileType = sourcecode.c.objc; path = WWFPSLabel.m; sourceTree = "<group>"; };
		04C616B71FA9A16700F8E33B /* WWWeakProxy.h */ = {isa = PBXFileReference; lastKnownFileType = sourcecode.c.h; path = WWWeakProxy.h; sourceTree = "<group>"; };
		04C616B81FA9A16700F8E33B /* WWWeakProxy.m */ = {isa = PBXFileReference; lastKnownFileType = sourcecode.c.objc; path = WWWeakProxy.m; sourceTree = "<group>"; };
		4BC785A253D04B6B2B6165EA /* libPods-WWKitTests.a */ = {isa = PBXFileReference; explicitFileType = archive.ar; includeInIndex = 0; path = "libPods-WWKitTests.a"; sourceTree = BUILT_PRODUCTS_DIR; };
		6A450381ABFAFE1ACB83ED1E /* Pods-WWKitTests.release.xcconfig */ = {isa = PBXFileReference; includeInIndex = 1; lastKnownFileType = text.xcconfig; name = "Pods-WWKitTests.release.xcconfig"; path = "Pods/Target Support Files/Pods-WWKitTests/Pods-WWKitTests.release.xcconfig"; sourceTree = "<group>"; };
		919620513629421A39658B0B /* libPods-WWKitUITests.a */ = {isa = PBXFileReference; explicitFileType = archive.ar; includeInIndex = 0; path = "libPods-WWKitUITests.a"; sourceTree = BUILT_PRODUCTS_DIR; };
		9B9DBCFA2027BB4B94429E3C /* Pods-WWKitTests.debug.xcconfig */ = {isa = PBXFileReference; includeInIndex = 1; lastKnownFileType = text.xcconfig; name = "Pods-WWKitTests.debug.xcconfig"; path = "Pods/Target Support Files/Pods-WWKitTests/Pods-WWKitTests.debug.xcconfig"; sourceTree = "<group>"; };
		AD09159EE5F524BF2A322651 /* Pods-WWKit.debug.xcconfig */ = {isa = PBXFileReference; includeInIndex = 1; lastKnownFileType = text.xcconfig; name = "Pods-WWKit.debug.xcconfig"; path = "Pods/Target Support Files/Pods-WWKit/Pods-WWKit.debug.xcconfig"; sourceTree = "<group>"; };
		AFBF9794EF91CFD9373FE183 /* Pods-WWKitUITests.debug.xcconfig */ = {isa = PBXFileReference; includeInIndex = 1; lastKnownFileType = text.xcconfig; name = "Pods-WWKitUITests.debug.xcconfig"; path = "Pods/Target Support Files/Pods-WWKitUITests/Pods-WWKitUITests.debug.xcconfig"; sourceTree = "<group>"; };
		C51F642D1FA9641D0080E4D3 /* WWBaseViewController.m */ = {isa = PBXFileReference; lastKnownFileType = sourcecode.c.objc; path = WWBaseViewController.m; sourceTree = "<group>"; };
		C51F642E1FA9641D0080E4D3 /* WWBaseViewController.h */ = {isa = PBXFileReference; lastKnownFileType = sourcecode.c.h; path = WWBaseViewController.h; sourceTree = "<group>"; };
		C51F64301FA964260080E4D3 /* WWCollectionViewFlowLayout.h */ = {isa = PBXFileReference; lastKnownFileType = sourcecode.c.h; path = WWCollectionViewFlowLayout.h; sourceTree = "<group>"; };
		C51F64311FA964260080E4D3 /* WWCollectionViewFlowLayout.m */ = {isa = PBXFileReference; lastKnownFileType = sourcecode.c.objc; path = WWCollectionViewFlowLayout.m; sourceTree = "<group>"; };
		C51F64331FA966260080E4D3 /* FontAndColorMacro.h */ = {isa = PBXFileReference; lastKnownFileType = sourcecode.c.h; path = FontAndColorMacro.h; sourceTree = "<group>"; };
		C51F64341FA9B3190080E4D3 /* UIImage+WWAdd.h */ = {isa = PBXFileReference; lastKnownFileType = sourcecode.c.h; path = "UIImage+WWAdd.h"; sourceTree = "<group>"; };
		C51F64351FA9B3190080E4D3 /* UIImage+WWAdd.m */ = {isa = PBXFileReference; lastKnownFileType = sourcecode.c.objc; path = "UIImage+WWAdd.m"; sourceTree = "<group>"; };
		C51F643A1FA9BA990080E4D3 /* WWTabBarItem.h */ = {isa = PBXFileReference; lastKnownFileType = sourcecode.c.h; path = WWTabBarItem.h; sourceTree = "<group>"; };
		C51F643B1FA9BA990080E4D3 /* WWTabBarItem.m */ = {isa = PBXFileReference; lastKnownFileType = sourcecode.c.objc; path = WWTabBarItem.m; sourceTree = "<group>"; };
		C51F643D1FA9BAFF0080E4D3 /* UILabel+WWAdd.h */ = {isa = PBXFileReference; lastKnownFileType = sourcecode.c.h; path = "UILabel+WWAdd.h"; sourceTree = "<group>"; };
		C51F643E1FA9BAFF0080E4D3 /* UILabel+WWAdd.m */ = {isa = PBXFileReference; lastKnownFileType = sourcecode.c.objc; path = "UILabel+WWAdd.m"; sourceTree = "<group>"; };
		C51F64401FA9C02B0080E4D3 /* WWTabBarViewController.h */ = {isa = PBXFileReference; lastKnownFileType = sourcecode.c.h; path = WWTabBarViewController.h; sourceTree = "<group>"; };
		C51F64411FA9C02B0080E4D3 /* WWTabBarViewController.m */ = {isa = PBXFileReference; lastKnownFileType = sourcecode.c.objc; path = WWTabBarViewController.m; sourceTree = "<group>"; };
		C51F646C1FAAD01D0080E4D3 /* WWRequest.m */ = {isa = PBXFileReference; lastKnownFileType = sourcecode.c.objc; path = WWRequest.m; sourceTree = "<group>"; };
		C51F646D1FAAD01E0080E4D3 /* WWRequest.h */ = {isa = PBXFileReference; lastKnownFileType = sourcecode.c.h; path = WWRequest.h; sourceTree = "<group>"; };
		C51F646F1FAAD9A40080E4D3 /* YYKitMacro.h */ = {isa = PBXFileReference; lastKnownFileType = sourcecode.c.h; path = YYKitMacro.h; sourceTree = "<group>"; };
		C51F64701FAAE3C50080E4D3 /* WWBaseDataRequest.h */ = {isa = PBXFileReference; lastKnownFileType = sourcecode.c.h; path = WWBaseDataRequest.h; sourceTree = "<group>"; };
		C51F64711FAAE3C50080E4D3 /* WWBaseDataRequest.m */ = {isa = PBXFileReference; lastKnownFileType = sourcecode.c.objc; path = WWBaseDataRequest.m; sourceTree = "<group>"; };
		C51F64761FAB596C0080E4D3 /* WWHomeModel.h */ = {isa = PBXFileReference; lastKnownFileType = sourcecode.c.h; path = WWHomeModel.h; sourceTree = "<group>"; };
		C51F64771FAB596C0080E4D3 /* WWHomeModel.m */ = {isa = PBXFileReference; lastKnownFileType = sourcecode.c.objc; path = WWHomeModel.m; sourceTree = "<group>"; };
		C51F64791FAB652E0080E4D3 /* WWBaseResponse.h */ = {isa = PBXFileReference; lastKnownFileType = sourcecode.c.h; path = WWBaseResponse.h; sourceTree = "<group>"; };
		C51F647A1FAB652E0080E4D3 /* WWBaseResponse.m */ = {isa = PBXFileReference; lastKnownFileType = sourcecode.c.objc; path = WWBaseResponse.m; sourceTree = "<group>"; };
		C51F647C1FAB6A410080E4D3 /* WWBaseModel.h */ = {isa = PBXFileReference; lastKnownFileType = sourcecode.c.h; path = WWBaseModel.h; sourceTree = "<group>"; };
		C51F647D1FAB6A410080E4D3 /* WWBaseModel.m */ = {isa = PBXFileReference; lastKnownFileType = sourcecode.c.objc; path = WWBaseModel.m; sourceTree = "<group>"; };
		CE7A17F47A5E12566595EE2B /* libPods-WWKit.a */ = {isa = PBXFileReference; explicitFileType = archive.ar; includeInIndex = 0; path = "libPods-WWKit.a"; sourceTree = BUILT_PRODUCTS_DIR; };
		D0CB9F1AD5CFF22CC7AE9649 /* Pods-WWKitUITests.release.xcconfig */ = {isa = PBXFileReference; includeInIndex = 1; lastKnownFileType = text.xcconfig; name = "Pods-WWKitUITests.release.xcconfig"; path = "Pods/Target Support Files/Pods-WWKitUITests/Pods-WWKitUITests.release.xcconfig"; sourceTree = "<group>"; };
		DE00C1561F7220C500F8F4E5 /* WWKit.app */ = {isa = PBXFileReference; explicitFileType = wrapper.application; includeInIndex = 0; path = WWKit.app; sourceTree = BUILT_PRODUCTS_DIR; };
		DE00C1621F7220C500F8F4E5 /* Assets.xcassets */ = {isa = PBXFileReference; lastKnownFileType = folder.assetcatalog; path = Assets.xcassets; sourceTree = "<group>"; };
		DE00C1671F7220C500F8F4E5 /* Info.plist */ = {isa = PBXFileReference; lastKnownFileType = text.plist.xml; path = Info.plist; sourceTree = "<group>"; };
		DE00C1681F7220C500F8F4E5 /* main.m */ = {isa = PBXFileReference; lastKnownFileType = sourcecode.c.objc; path = main.m; sourceTree = "<group>"; };
		DE00C16E1F7220C500F8F4E5 /* WWKitTests.xctest */ = {isa = PBXFileReference; explicitFileType = wrapper.cfbundle; includeInIndex = 0; path = WWKitTests.xctest; sourceTree = BUILT_PRODUCTS_DIR; };
		DE00C1721F7220C500F8F4E5 /* WWKitTests.m */ = {isa = PBXFileReference; lastKnownFileType = sourcecode.c.objc; path = WWKitTests.m; sourceTree = "<group>"; };
		DE00C1741F7220C500F8F4E5 /* Info.plist */ = {isa = PBXFileReference; lastKnownFileType = text.plist.xml; path = Info.plist; sourceTree = "<group>"; };
		DE00C1791F7220C600F8F4E5 /* WWKitUITests.xctest */ = {isa = PBXFileReference; explicitFileType = wrapper.cfbundle; includeInIndex = 0; path = WWKitUITests.xctest; sourceTree = BUILT_PRODUCTS_DIR; };
		DE00C17D1F7220C600F8F4E5 /* WWKitUITests.m */ = {isa = PBXFileReference; lastKnownFileType = sourcecode.c.objc; path = WWKitUITests.m; sourceTree = "<group>"; };
		DE00C17F1F7220C600F8F4E5 /* Info.plist */ = {isa = PBXFileReference; lastKnownFileType = text.plist.xml; path = Info.plist; sourceTree = "<group>"; };
		DE3911A11F72369400D74266 /* Default-568h@2x.png */ = {isa = PBXFileReference; lastKnownFileType = image.png; path = "Default-568h@2x.png"; sourceTree = "<group>"; };
		DEAAAA921F735B0C00A461F6 /* AppDelegate.h */ = {isa = PBXFileReference; lastKnownFileType = sourcecode.c.h; path = AppDelegate.h; sourceTree = "<group>"; };
		DEAAAA931F735B0C00A461F6 /* AppDelegate.m */ = {isa = PBXFileReference; lastKnownFileType = sourcecode.c.objc; path = AppDelegate.m; sourceTree = "<group>"; };
		DEAAAA9E1F735C6100A461F6 /* WWHomeViewController.h */ = {isa = PBXFileReference; lastKnownFileType = sourcecode.c.h; path = WWHomeViewController.h; sourceTree = "<group>"; };
		DEAAAA9F1F735C6100A461F6 /* WWHomeViewController.m */ = {isa = PBXFileReference; lastKnownFileType = sourcecode.c.objc; path = WWHomeViewController.m; sourceTree = "<group>"; };
		DEAAAAA81F7390A200A461F6 /* WWKit-Prefix.pch */ = {isa = PBXFileReference; lastKnownFileType = sourcecode.c.h; path = "WWKit-Prefix.pch"; sourceTree = "<group>"; };
		DEAAAAC71F73A1BF00A461F6 /* en */ = {isa = PBXFileReference; lastKnownFileType = text.plist.strings; name = en; path = en.lproj/Localizable.strings; sourceTree = "<group>"; };
		DEAAAACA1F73A1C200A461F6 /* en */ = {isa = PBXFileReference; lastKnownFileType = text.plist.strings; name = en; path = en.lproj/InfoPlist.strings; sourceTree = "<group>"; };
		DEAAAACC1F73A1D100A461F6 /* zh-Hans */ = {isa = PBXFileReference; lastKnownFileType = text.plist.strings; name = "zh-Hans"; path = "zh-Hans.lproj/Localizable.strings"; sourceTree = "<group>"; };
		DEAAAACD1F73A1D100A461F6 /* zh-Hans */ = {isa = PBXFileReference; lastKnownFileType = text.plist.strings; name = "zh-Hans"; path = "zh-Hans.lproj/InfoPlist.strings"; sourceTree = "<group>"; };
		F19AF68FF10BA6C4CADEF2BC /* Pods-WWKit.release.xcconfig */ = {isa = PBXFileReference; includeInIndex = 1; lastKnownFileType = text.xcconfig; name = "Pods-WWKit.release.xcconfig"; path = "Pods/Target Support Files/Pods-WWKit/Pods-WWKit.release.xcconfig"; sourceTree = "<group>"; };
/* End PBXFileReference section */

/* Begin PBXFrameworksBuildPhase section */
		DE00C1531F7220C500F8F4E5 /* Frameworks */ = {
			isa = PBXFrameworksBuildPhase;
			buildActionMask = 2147483647;
			files = (
				A5128370C1294011A4ACCA99 /* libPods-WWKit.a in Frameworks */,
			);
			runOnlyForDeploymentPostprocessing = 0;
		};
		DE00C16B1F7220C500F8F4E5 /* Frameworks */ = {
			isa = PBXFrameworksBuildPhase;
			buildActionMask = 2147483647;
			files = (
				404EC3B10B13C77F3618E13D /* libPods-WWKitTests.a in Frameworks */,
			);
			runOnlyForDeploymentPostprocessing = 0;
		};
		DE00C1761F7220C600F8F4E5 /* Frameworks */ = {
			isa = PBXFrameworksBuildPhase;
			buildActionMask = 2147483647;
			files = (
				E9AF129E1558C6CB3052524F /* libPods-WWKitUITests.a in Frameworks */,
			);
			runOnlyForDeploymentPostprocessing = 0;
		};
/* End PBXFrameworksBuildPhase section */

/* Begin PBXGroup section */
		0440BE721FA9AD96009C5C02 /* OpenUDID */ = {
			isa = PBXGroup;
			children = (
				0440BE741FA9AD96009C5C02 /* OpenUDID.h */,
				0440BE731FA9AD96009C5C02 /* OpenUDID.m */,
			);
			path = OpenUDID;
			sourceTree = "<group>";
		};
		0440BE7C1FA9BC14009C5C02 /* Login */ = {
			isa = PBXGroup;
			children = (
				0440BE7D1FA9BC2C009C5C02 /* WWLoginViewController.h */,
				0440BE7E1FA9BC2C009C5C02 /* WWLoginViewController.m */,
			);
			path = Login;
			sourceTree = "<group>";
		};
		04C616AF1FA99DC000F8E33B /* MBProgressHUD */ = {
			isa = PBXGroup;
			children = (
				04C616B01FA99E0300F8E33B /* MBProgressHUD+WW.h */,
				04C616B11FA99E0300F8E33B /* MBProgressHUD+WW.m */,
			);
			path = MBProgressHUD;
			sourceTree = "<group>";
		};
		04C616B31FA99FDE00F8E33B /* Other */ = {
			isa = PBXGroup;
			children = (
				04C616B41FA9A00800F8E33B /* WWFPSLabel.h */,
				04C616B51FA9A00800F8E33B /* WWFPSLabel.m */,
				04C616B71FA9A16700F8E33B /* WWWeakProxy.h */,
				04C616B81FA9A16700F8E33B /* WWWeakProxy.m */,
			);
			path = Other;
			sourceTree = "<group>";
		};
		6C54A0E6A36A7CBF71C5A332 /* Frameworks */ = {
			isa = PBXGroup;
			children = (
				CE7A17F47A5E12566595EE2B /* libPods-WWKit.a */,
				4BC785A253D04B6B2B6165EA /* libPods-WWKitTests.a */,
				919620513629421A39658B0B /* libPods-WWKitUITests.a */,
			);
			name = Frameworks;
			sourceTree = "<group>";
		};
		9BEAB551AF34871BAF098FD3 /* Pods */ = {
			isa = PBXGroup;
			children = (
				AD09159EE5F524BF2A322651 /* Pods-WWKit.debug.xcconfig */,
				F19AF68FF10BA6C4CADEF2BC /* Pods-WWKit.release.xcconfig */,
				9B9DBCFA2027BB4B94429E3C /* Pods-WWKitTests.debug.xcconfig */,
				6A450381ABFAFE1ACB83ED1E /* Pods-WWKitTests.release.xcconfig */,
				AFBF9794EF91CFD9373FE183 /* Pods-WWKitUITests.debug.xcconfig */,
				D0CB9F1AD5CFF22CC7AE9649 /* Pods-WWKitUITests.release.xcconfig */,
			);
			name = Pods;
			sourceTree = "<group>";
		};
		C51F64601FAACF6E0080E4D3 /* Network */ = {
			isa = PBXGroup;
			children = (
				C51F64611FAACF6E0080E4D3 /* WWNetwork */,
				C51F646B1FAACFE50080E4D3 /* Common */,
			);
			path = Network;
			sourceTree = "<group>";
		};
		C51F64611FAACF6E0080E4D3 /* WWNetwork */ = {
			isa = PBXGroup;
			children = (
				C51F646D1FAAD01E0080E4D3 /* WWRequest.h */,
				C51F646C1FAAD01D0080E4D3 /* WWRequest.m */,
			);
			path = WWNetwork;
			sourceTree = "<group>";
		};
		C51F646B1FAACFE50080E4D3 /* Common */ = {
			isa = PBXGroup;
			children = (
				C51F64701FAAE3C50080E4D3 /* WWBaseDataRequest.h */,
				C51F64711FAAE3C50080E4D3 /* WWBaseDataRequest.m */,
				C51F64791FAB652E0080E4D3 /* WWBaseResponse.h */,
				C51F647A1FAB652E0080E4D3 /* WWBaseResponse.m */,
				C51F647C1FAB6A410080E4D3 /* WWBaseModel.h */,
				C51F647D1FAB6A410080E4D3 /* WWBaseModel.m */,
			);
			path = Common;
			sourceTree = "<group>";
		};
		DE00C14D1F7220C500F8F4E5 = {
			isa = PBXGroup;
			children = (
				DE3911A11F72369400D74266 /* Default-568h@2x.png */,
				DE00C1581F7220C500F8F4E5 /* WWKit */,
				DE00C1711F7220C500F8F4E5 /* WWKitTests */,
				DE00C17C1F7220C600F8F4E5 /* WWKitUITests */,
				DE00C1571F7220C500F8F4E5 /* Products */,
				9BEAB551AF34871BAF098FD3 /* Pods */,
				6C54A0E6A36A7CBF71C5A332 /* Frameworks */,
			);
			sourceTree = "<group>";
		};
		DE00C1571F7220C500F8F4E5 /* Products */ = {
			isa = PBXGroup;
			children = (
				DE00C1561F7220C500F8F4E5 /* WWKit.app */,
				DE00C16E1F7220C500F8F4E5 /* WWKitTests.xctest */,
				DE00C1791F7220C600F8F4E5 /* WWKitUITests.xctest */,
			);
			name = Products;
			sourceTree = "<group>";
		};
		DE00C1581F7220C500F8F4E5 /* WWKit */ = {
			isa = PBXGroup;
			children = (
				DEAAAA911F735B0C00A461F6 /* AppDelegate */,
				DEAAAA951F735B2100A461F6 /* General */,
				DEAAAA941F735B2100A461F6 /* Helpers */,
				DEAAAA981F735B2100A461F6 /* Macro */,
				C51F64601FAACF6E0080E4D3 /* Network */,
				DEAAAA961F735B2100A461F6 /* Main */,
				DEAAAA991F735B2100A461F6 /* Resources */,
				DEAAAAA71F73903D00A461F6 /* Supporting Files */,
			);
			path = WWKit;
			sourceTree = "<group>";
		};
		DE00C1711F7220C500F8F4E5 /* WWKitTests */ = {
			isa = PBXGroup;
			children = (
				DE00C1721F7220C500F8F4E5 /* WWKitTests.m */,
				DE00C1741F7220C500F8F4E5 /* Info.plist */,
			);
			path = WWKitTests;
			sourceTree = "<group>";
		};
		DE00C17C1F7220C600F8F4E5 /* WWKitUITests */ = {
			isa = PBXGroup;
			children = (
				DE00C17D1F7220C600F8F4E5 /* WWKitUITests.m */,
				DE00C17F1F7220C600F8F4E5 /* Info.plist */,
			);
			path = WWKitUITests;
			sourceTree = "<group>";
		};
		DEAAAA911F735B0C00A461F6 /* AppDelegate */ = {
			isa = PBXGroup;
			children = (
				DEAAAA921F735B0C00A461F6 /* AppDelegate.h */,
				DEAAAA931F735B0C00A461F6 /* AppDelegate.m */,
				0440BE681FA9A85D009C5C02 /* AppDelegate+AppService.h */,
				0440BE691FA9A85D009C5C02 /* AppDelegate+AppService.m */,
			);
			path = AppDelegate;
			sourceTree = "<group>";
		};
		DEAAAA941F735B2100A461F6 /* Helpers */ = {
			isa = PBXGroup;
			children = (
				0440BE721FA9AD96009C5C02 /* OpenUDID */,
				04C616AF1FA99DC000F8E33B /* MBProgressHUD */,
				04C616B31FA99FDE00F8E33B /* Other */,
			);
			path = Helpers;
			sourceTree = "<group>";
		};
		DEAAAA951F735B2100A461F6 /* General */ = {
			isa = PBXGroup;
			children = (
				DEAAAA9B1F735BD400A461F6 /* Categories */,
				DEAAAA9A1F735BD400A461F6 /* Common */,
				DEAAAA9C1F735BD400A461F6 /* Views */,
			);
			path = General;
			sourceTree = "<group>";
		};
		DEAAAA961F735B2100A461F6 /* Main */ = {
			isa = PBXGroup;
			children = (
				0440BE7C1FA9BC14009C5C02 /* Login */,
				DEAAAA971F735B2100A461F6 /* Home */,
			);
			path = Main;
			sourceTree = "<group>";
		};
		DEAAAA971F735B2100A461F6 /* Home */ = {
			isa = PBXGroup;
			children = (
				DEAAAA9D1F735C6100A461F6 /* Controller */,
				DEAAAAA11F735C6100A461F6 /* Model */,
				DEAAAAA01F735C6100A461F6 /* View */,
			);
			path = Home;
			sourceTree = "<group>";
		};
		DEAAAA981F735B2100A461F6 /* Macro */ = {
			isa = PBXGroup;
			children = (
				04B8C4A31F73A5D100FD9EE0 /* WWUtilsMacro.h */,
				C51F64331FA966260080E4D3 /* FontAndColorMacro.h */,
				0440BE6B1FA9A8B6009C5C02 /* CommonMacros.h */,
				C51F646F1FAAD9A40080E4D3 /* YYKitMacro.h */,
			);
			path = Macro;
			sourceTree = "<group>";
		};
		DEAAAA991F735B2100A461F6 /* Resources */ = {
			isa = PBXGroup;
			children = (
			);
			path = Resources;
			sourceTree = "<group>";
		};
		DEAAAA9A1F735BD400A461F6 /* Common */ = {
			isa = PBXGroup;
			children = (
				C51F64301FA964260080E4D3 /* WWCollectionViewFlowLayout.h */,
				C51F64311FA964260080E4D3 /* WWCollectionViewFlowLayout.m */,
				C51F642E1FA9641D0080E4D3 /* WWBaseViewController.h */,
				C51F642D1FA9641D0080E4D3 /* WWBaseViewController.m */,
				04B8C4A01F73A54500FD9EE0 /* WWBaseTableViewCell.h */,
				04B8C4A11F73A54500FD9EE0 /* WWBaseTableViewCell.m */,
				04B8C48D1F736D3700FD9EE0 /* WWBaseNavigationViewController.h */,
				04B8C48E1F736D3700FD9EE0 /* WWBaseNavigationViewController.m */,
				C51F64401FA9C02B0080E4D3 /* WWTabBarViewController.h */,
				C51F64411FA9C02B0080E4D3 /* WWTabBarViewController.m */,
				C51F643A1FA9BA990080E4D3 /* WWTabBarItem.h */,
				C51F643B1FA9BA990080E4D3 /* WWTabBarItem.m */,
			);
			path = Common;
			sourceTree = "<group>";
		};
		DEAAAA9B1F735BD400A461F6 /* Categories */ = {
			isa = PBXGroup;
			children = (
				04B8C49C1F73958500FD9EE0 /* WWKitAdditions.h */,
				0440BE781FA9B0FE009C5C02 /* UIDevice+YYAdd.h */,
				0440BE791FA9B0FE009C5C02 /* UIDevice+YYAdd.m */,
				0440BE801FA9D14D009C5C02 /* UIFont+WWTTF.h */,
				0440BE811FA9D14E009C5C02 /* UIFont+WWTTF.m */,
				04B8C49D1F7396ED00FD9EE0 /* UIView+Ext.h */,
				04B8C49E1F7396ED00FD9EE0 /* UIView+Ext.m */,
				04B8C4971F73922E00FD9EE0 /* UIColor+Hexadecimal.h */,
				04B8C4981F73922E00FD9EE0 /* UIColor+Hexadecimal.m */,
				04B8C4971F73922E00FD9EE0 /* UIColor+Ext.h */,
				04B8C4981F73922E00FD9EE0 /* UIColor+Ext.m */,
				04B8C4941F736E6900FD9EE0 /* UIBarButtonItem+Ext.h */,
				04B8C4951F736E6900FD9EE0 /* UIBarButtonItem+Ext.m */,
				0440BE831FA9D614009C5C02 /* UINavigationBar+Ext.h */,
				0440BE841FA9D614009C5C02 /* UINavigationBar+Ext.m */,
				0440BE861FA9D782009C5C02 /* UIWindow+Ext.h */,
				0440BE871FA9D782009C5C02 /* UIWindow+Ext.m */,
				04B8C4BC1F73BC0700FD9EE0 /* UIButton+Ext.h */,
				04B8C4BD1F73BC0700FD9EE0 /* UIButton+Ext.m */,
				C51F64341FA9B3190080E4D3 /* UIImage+WWAdd.h */,
				C51F64351FA9B3190080E4D3 /* UIImage+WWAdd.m */,
				C51F643D1FA9BAFF0080E4D3 /* UILabel+WWAdd.h */,
				C51F643E1FA9BAFF0080E4D3 /* UILabel+WWAdd.m */,
				04B8C4AA1F73B67F00FD9EE0 /* NSDate+Utilities.h */,
				04B8C4AB1F73B67F00FD9EE0 /* NSDate+Utilities.m */,
				04B8C4B61F73BB3F00FD9EE0 /* NSString+JSON.h */,
				04B8C4B71F73BB3F00FD9EE0 /* NSString+JSON.m */,
				04B8C4B31F73BA4700FD9EE0 /* NSString+Additions.h */,
				04B8C4B41F73BA4700FD9EE0 /* NSString+Additions.m */,
				04B8C4B91F73BBAE00FD9EE0 /* NSURL+Additions.h */,
				04B8C4BA1F73BBAE00FD9EE0 /* NSURL+Additions.m */,
				04B8C4AD1F73B9BD00FD9EE0 /* NSDictionary+UrlEncoding.h */,
				04B8C4AE1F73B9BD00FD9EE0 /* NSDictionary+UrlEncoding.m */,
			);
			path = Categories;
			sourceTree = "<group>";
		};
		DEAAAA9C1F735BD400A461F6 /* Views */ = {
			isa = PBXGroup;
			children = (
				0440BE6D1FA9A9D5009C5C02 /* QRCodeView.h */,
				0440BE6C1FA9A9D5009C5C02 /* QRCodeView.m */,
			);
			path = Views;
			sourceTree = "<group>";
		};
		DEAAAA9D1F735C6100A461F6 /* Controller */ = {
			isa = PBXGroup;
			children = (
				DEAAAA9E1F735C6100A461F6 /* WWHomeViewController.h */,
				DEAAAA9F1F735C6100A461F6 /* WWHomeViewController.m */,
			);
			path = Controller;
			sourceTree = "<group>";
		};
		DEAAAAA01F735C6100A461F6 /* View */ = {
			isa = PBXGroup;
			children = (
				04B8C4A41F73A68700FD9EE0 /* WWHomeCell.h */,
				04B8C4A51F73A68700FD9EE0 /* WWHomeCell.m */,
			);
			path = View;
			sourceTree = "<group>";
		};
		DEAAAAA11F735C6100A461F6 /* Model */ = {
			isa = PBXGroup;
			children = (
				C51F64761FAB596C0080E4D3 /* WWHomeModel.h */,
				C51F64771FAB596C0080E4D3 /* WWHomeModel.m */,
			);
			path = Model;
			sourceTree = "<group>";
		};
		DEAAAAA71F73903D00A461F6 /* Supporting Files */ = {
			isa = PBXGroup;
			children = (
				DE00C1621F7220C500F8F4E5 /* Assets.xcassets */,
				DE00C1671F7220C500F8F4E5 /* Info.plist */,
				DE00C1681F7220C500F8F4E5 /* main.m */,
				DEAAAAA81F7390A200A461F6 /* WWKit-Prefix.pch */,
				DEAAAAC81F73A1BF00A461F6 /* Localizable.strings */,
				DEAAAACB1F73A1C200A461F6 /* InfoPlist.strings */,
			);
			path = "Supporting Files";
			sourceTree = "<group>";
		};
/* End PBXGroup section */

/* Begin PBXNativeTarget section */
		DE00C1551F7220C500F8F4E5 /* WWKit */ = {
			isa = PBXNativeTarget;
			buildConfigurationList = DE00C1821F7220C600F8F4E5 /* Build configuration list for PBXNativeTarget "WWKit" */;
			buildPhases = (
				068C203EF15F52EF18369B9A /* [CP] Check Pods Manifest.lock */,
				DE00C1521F7220C500F8F4E5 /* Sources */,
				DE00C1531F7220C500F8F4E5 /* Frameworks */,
				DE00C1541F7220C500F8F4E5 /* Resources */,
				4B81D9B1594C9CE586E0C7D9 /* [CP] Embed Pods Frameworks */,
				9F44BC0335C39E8C98F72FAB /* [CP] Copy Pods Resources */,
			);
			buildRules = (
			);
			dependencies = (
			);
			name = WWKit;
			productName = WWKit;
			productReference = DE00C1561F7220C500F8F4E5 /* WWKit.app */;
			productType = "com.apple.product-type.application";
		};
		DE00C16D1F7220C500F8F4E5 /* WWKitTests */ = {
			isa = PBXNativeTarget;
			buildConfigurationList = DE00C1851F7220C600F8F4E5 /* Build configuration list for PBXNativeTarget "WWKitTests" */;
			buildPhases = (
				7A5BCEB300300EF6FB610F1B /* [CP] Check Pods Manifest.lock */,
				DE00C16A1F7220C500F8F4E5 /* Sources */,
				DE00C16B1F7220C500F8F4E5 /* Frameworks */,
				DE00C16C1F7220C500F8F4E5 /* Resources */,
				5176F2504586BE0287FB5D5C /* [CP] Embed Pods Frameworks */,
				1C2248B29F62AD87042F3D08 /* [CP] Copy Pods Resources */,
			);
			buildRules = (
			);
			dependencies = (
				DE00C1701F7220C500F8F4E5 /* PBXTargetDependency */,
			);
			name = WWKitTests;
			productName = WWKitTests;
			productReference = DE00C16E1F7220C500F8F4E5 /* WWKitTests.xctest */;
			productType = "com.apple.product-type.bundle.unit-test";
		};
		DE00C1781F7220C600F8F4E5 /* WWKitUITests */ = {
			isa = PBXNativeTarget;
			buildConfigurationList = DE00C1881F7220C600F8F4E5 /* Build configuration list for PBXNativeTarget "WWKitUITests" */;
			buildPhases = (
				F318D402B4BB7DBFA0D4CA6C /* [CP] Check Pods Manifest.lock */,
				DE00C1751F7220C600F8F4E5 /* Sources */,
				DE00C1761F7220C600F8F4E5 /* Frameworks */,
				DE00C1771F7220C600F8F4E5 /* Resources */,
				3FC364D459E2D0BD373CF55D /* [CP] Embed Pods Frameworks */,
				E8687860CD0DB2A835BF0AB3 /* [CP] Copy Pods Resources */,
			);
			buildRules = (
			);
			dependencies = (
				DE00C17B1F7220C600F8F4E5 /* PBXTargetDependency */,
			);
			name = WWKitUITests;
			productName = WWKitUITests;
			productReference = DE00C1791F7220C600F8F4E5 /* WWKitUITests.xctest */;
			productType = "com.apple.product-type.bundle.ui-testing";
		};
/* End PBXNativeTarget section */

/* Begin PBXProject section */
		DE00C14E1F7220C500F8F4E5 /* Project object */ = {
			isa = PBXProject;
			attributes = {
				CLASSPREFIX = WW;
				LastUpgradeCheck = 0900;
				ORGANIZATIONNAME = wwkit;
				TargetAttributes = {
					DE00C1551F7220C500F8F4E5 = {
						CreatedOnToolsVersion = 9.0;
						ProvisioningStyle = Automatic;
					};
					DE00C16D1F7220C500F8F4E5 = {
						CreatedOnToolsVersion = 9.0;
						ProvisioningStyle = Automatic;
						TestTargetID = DE00C1551F7220C500F8F4E5;
					};
					DE00C1781F7220C600F8F4E5 = {
						CreatedOnToolsVersion = 9.0;
						ProvisioningStyle = Automatic;
						TestTargetID = DE00C1551F7220C500F8F4E5;
					};
				};
			};
			buildConfigurationList = DE00C1511F7220C500F8F4E5 /* Build configuration list for PBXProject "WWKit" */;
			compatibilityVersion = "Xcode 8.0";
			developmentRegion = en;
			hasScannedForEncodings = 0;
			knownRegions = (
				en,
				Base,
				"zh-Hans",
			);
			mainGroup = DE00C14D1F7220C500F8F4E5;
			productRefGroup = DE00C1571F7220C500F8F4E5 /* Products */;
			projectDirPath = "";
			projectRoot = "";
			targets = (
				DE00C1551F7220C500F8F4E5 /* WWKit */,
				DE00C16D1F7220C500F8F4E5 /* WWKitTests */,
				DE00C1781F7220C600F8F4E5 /* WWKitUITests */,
			);
		};
/* End PBXProject section */

/* Begin PBXResourcesBuildPhase section */
		DE00C1541F7220C500F8F4E5 /* Resources */ = {
			isa = PBXResourcesBuildPhase;
			buildActionMask = 2147483647;
			files = (
				DE00C1631F7220C500F8F4E5 /* Assets.xcassets in Resources */,
				DEAAAAC91F73A1C200A461F6 /* InfoPlist.strings in Resources */,
				DEAAAAC61F73A1BF00A461F6 /* Localizable.strings in Resources */,
				DE3911A21F72369400D74266 /* Default-568h@2x.png in Resources */,
			);
			runOnlyForDeploymentPostprocessing = 0;
		};
		DE00C16C1F7220C500F8F4E5 /* Resources */ = {
			isa = PBXResourcesBuildPhase;
			buildActionMask = 2147483647;
			files = (
			);
			runOnlyForDeploymentPostprocessing = 0;
		};
		DE00C1771F7220C600F8F4E5 /* Resources */ = {
			isa = PBXResourcesBuildPhase;
			buildActionMask = 2147483647;
			files = (
			);
			runOnlyForDeploymentPostprocessing = 0;
		};
/* End PBXResourcesBuildPhase section */

/* Begin PBXShellScriptBuildPhase section */
		068C203EF15F52EF18369B9A /* [CP] Check Pods Manifest.lock */ = {
			isa = PBXShellScriptBuildPhase;
			buildActionMask = 2147483647;
			files = (
			);
			inputPaths = (
				"${PODS_PODFILE_DIR_PATH}/Podfile.lock",
				"${PODS_ROOT}/Manifest.lock",
			);
			name = "[CP] Check Pods Manifest.lock";
			outputPaths = (
				"$(DERIVED_FILE_DIR)/Pods-WWKit-checkManifestLockResult.txt",
			);
			runOnlyForDeploymentPostprocessing = 0;
			shellPath = /bin/sh;
			shellScript = "diff \"${PODS_PODFILE_DIR_PATH}/Podfile.lock\" \"${PODS_ROOT}/Manifest.lock\" > /dev/null\nif [ $? != 0 ] ; then\n    # print error to STDERR\n    echo \"error: The sandbox is not in sync with the Podfile.lock. Run 'pod install' or update your CocoaPods installation.\" >&2\n    exit 1\nfi\n# This output is used by Xcode 'outputs' to avoid re-running this script phase.\necho \"SUCCESS\" > \"${SCRIPT_OUTPUT_FILE_0}\"\n";
			showEnvVarsInLog = 0;
		};
		1C2248B29F62AD87042F3D08 /* [CP] Copy Pods Resources */ = {
			isa = PBXShellScriptBuildPhase;
			buildActionMask = 2147483647;
			files = (
			);
			inputPaths = (
			);
			name = "[CP] Copy Pods Resources";
			outputPaths = (
			);
			runOnlyForDeploymentPostprocessing = 0;
			shellPath = /bin/sh;
			shellScript = "\"${SRCROOT}/Pods/Target Support Files/Pods-WWKitTests/Pods-WWKitTests-resources.sh\"\n";
			showEnvVarsInLog = 0;
		};
		3FC364D459E2D0BD373CF55D /* [CP] Embed Pods Frameworks */ = {
			isa = PBXShellScriptBuildPhase;
			buildActionMask = 2147483647;
			files = (
			);
			inputPaths = (
			);
			name = "[CP] Embed Pods Frameworks";
			outputPaths = (
			);
			runOnlyForDeploymentPostprocessing = 0;
			shellPath = /bin/sh;
			shellScript = "\"${SRCROOT}/Pods/Target Support Files/Pods-WWKitUITests/Pods-WWKitUITests-frameworks.sh\"\n";
			showEnvVarsInLog = 0;
		};
		4B81D9B1594C9CE586E0C7D9 /* [CP] Embed Pods Frameworks */ = {
			isa = PBXShellScriptBuildPhase;
			buildActionMask = 2147483647;
			files = (
			);
			inputPaths = (
			);
			name = "[CP] Embed Pods Frameworks";
			outputPaths = (
			);
			runOnlyForDeploymentPostprocessing = 0;
			shellPath = /bin/sh;
			shellScript = "\"${SRCROOT}/Pods/Target Support Files/Pods-WWKit/Pods-WWKit-frameworks.sh\"\n";
			showEnvVarsInLog = 0;
		};
		5176F2504586BE0287FB5D5C /* [CP] Embed Pods Frameworks */ = {
			isa = PBXShellScriptBuildPhase;
			buildActionMask = 2147483647;
			files = (
			);
			inputPaths = (
			);
			name = "[CP] Embed Pods Frameworks";
			outputPaths = (
			);
			runOnlyForDeploymentPostprocessing = 0;
			shellPath = /bin/sh;
			shellScript = "\"${SRCROOT}/Pods/Target Support Files/Pods-WWKitTests/Pods-WWKitTests-frameworks.sh\"\n";
			showEnvVarsInLog = 0;
		};
		7A5BCEB300300EF6FB610F1B /* [CP] Check Pods Manifest.lock */ = {
			isa = PBXShellScriptBuildPhase;
			buildActionMask = 2147483647;
			files = (
			);
			inputPaths = (
				"${PODS_PODFILE_DIR_PATH}/Podfile.lock",
				"${PODS_ROOT}/Manifest.lock",
			);
			name = "[CP] Check Pods Manifest.lock";
			outputPaths = (
				"$(DERIVED_FILE_DIR)/Pods-WWKitTests-checkManifestLockResult.txt",
			);
			runOnlyForDeploymentPostprocessing = 0;
			shellPath = /bin/sh;
			shellScript = "diff \"${PODS_PODFILE_DIR_PATH}/Podfile.lock\" \"${PODS_ROOT}/Manifest.lock\" > /dev/null\nif [ $? != 0 ] ; then\n    # print error to STDERR\n    echo \"error: The sandbox is not in sync with the Podfile.lock. Run 'pod install' or update your CocoaPods installation.\" >&2\n    exit 1\nfi\n# This output is used by Xcode 'outputs' to avoid re-running this script phase.\necho \"SUCCESS\" > \"${SCRIPT_OUTPUT_FILE_0}\"\n";
			showEnvVarsInLog = 0;
		};
		9F44BC0335C39E8C98F72FAB /* [CP] Copy Pods Resources */ = {
			isa = PBXShellScriptBuildPhase;
			buildActionMask = 2147483647;
			files = (
			);
			inputPaths = (
				"${SRCROOT}/Pods/Target Support Files/Pods-WWKit/Pods-WWKit-resources.sh",
				"${PODS_ROOT}/MJRefresh/MJRefresh/MJRefresh.bundle",
			);
			name = "[CP] Copy Pods Resources";
			outputPaths = (
				"${TARGET_BUILD_DIR}/${UNLOCALIZED_RESOURCES_FOLDER_PATH}",
			);
			runOnlyForDeploymentPostprocessing = 0;
			shellPath = /bin/sh;
			shellScript = "\"${SRCROOT}/Pods/Target Support Files/Pods-WWKit/Pods-WWKit-resources.sh\"\n";
			showEnvVarsInLog = 0;
		};
		E8687860CD0DB2A835BF0AB3 /* [CP] Copy Pods Resources */ = {
			isa = PBXShellScriptBuildPhase;
			buildActionMask = 2147483647;
			files = (
			);
			inputPaths = (
			);
			name = "[CP] Copy Pods Resources";
			outputPaths = (
			);
			runOnlyForDeploymentPostprocessing = 0;
			shellPath = /bin/sh;
			shellScript = "\"${SRCROOT}/Pods/Target Support Files/Pods-WWKitUITests/Pods-WWKitUITests-resources.sh\"\n";
			showEnvVarsInLog = 0;
		};
		F318D402B4BB7DBFA0D4CA6C /* [CP] Check Pods Manifest.lock */ = {
			isa = PBXShellScriptBuildPhase;
			buildActionMask = 2147483647;
			files = (
			);
			inputPaths = (
				"${PODS_PODFILE_DIR_PATH}/Podfile.lock",
				"${PODS_ROOT}/Manifest.lock",
			);
			name = "[CP] Check Pods Manifest.lock";
			outputPaths = (
				"$(DERIVED_FILE_DIR)/Pods-WWKitUITests-checkManifestLockResult.txt",
			);
			runOnlyForDeploymentPostprocessing = 0;
			shellPath = /bin/sh;
			shellScript = "diff \"${PODS_PODFILE_DIR_PATH}/Podfile.lock\" \"${PODS_ROOT}/Manifest.lock\" > /dev/null\nif [ $? != 0 ] ; then\n    # print error to STDERR\n    echo \"error: The sandbox is not in sync with the Podfile.lock. Run 'pod install' or update your CocoaPods installation.\" >&2\n    exit 1\nfi\n# This output is used by Xcode 'outputs' to avoid re-running this script phase.\necho \"SUCCESS\" > \"${SCRIPT_OUTPUT_FILE_0}\"\n";
			showEnvVarsInLog = 0;
		};
/* End PBXShellScriptBuildPhase section */

/* Begin PBXSourcesBuildPhase section */
		DE00C1521F7220C500F8F4E5 /* Sources */ = {
			isa = PBXSourcesBuildPhase;
			buildActionMask = 2147483647;
			files = (
				C59D5F221FAB786200D32D52 /* WWRequest.m in Sources */,
				C59D5F211FAB785300D32D52 /* WWBaseDataRequest.m in Sources */,
				C59D5F201FAB784100D32D52 /* WWHomeViewController.m in Sources */,
				DEAAAAA61F735EC500A461F6 /* main.m in Sources */,
				C51F647B1FAB652E0080E4D3 /* WWBaseResponse.m in Sources */,
				04B8C4991F73922E00FD9EE0 /* UIColor+Hexadecimal.m in Sources */,
				0440BE821FA9D14E009C5C02 /* UIFont+WWTTF.m in Sources */,
				04B8C4991F73922E00FD9EE0 /* UIColor+Ext.m in Sources */,
				04B8C4AF1F73B9BD00FD9EE0 /* NSDictionary+UrlEncoding.m in Sources */,
				DEAAAAA31F735E9F00A461F6 /* AppDelegate.m in Sources */,
				04B8C4BB1F73BBAE00FD9EE0 /* NSURL+Additions.m in Sources */,
				04B8C48F1F736D3700FD9EE0 /* WWBaseNavigationViewController.m in Sources */,
				0440BE6A1FA9A85D009C5C02 /* AppDelegate+AppService.m in Sources */,
				C51F64781FAB596C0080E4D3 /* WWHomeModel.m in Sources */,
				04B8C4B51F73BA4700FD9EE0 /* NSString+Additions.m in Sources */,
				04B8C4A21F73A54500FD9EE0 /* WWBaseTableViewCell.m in Sources */,
				04B8C49F1F7396ED00FD9EE0 /* UIView+Ext.m in Sources */,
				C51F647E1FAB6A410080E4D3 /* WWBaseModel.m in Sources */,
				04C616B21FA99E0300F8E33B /* MBProgressHUD+WW.m in Sources */,
				0440BE851FA9D614009C5C02 /* UINavigationBar+Ext.m in Sources */,
				C51F642F1FA9641E0080E4D3 /* WWBaseViewController.m in Sources */,
				0440BE7F1FA9BC2C009C5C02 /* WWLoginViewController.m in Sources */,
				C51F643C1FA9BA990080E4D3 /* WWTabBarItem.m in Sources */,
				DEAAAAA51F735E9F00A461F6 /* WWHomeViewController.m in Sources */,
				0440BE881FA9D782009C5C02 /* UIWindow+Ext.m in Sources */,
				04B8C4BE1F73BC0700FD9EE0 /* UIButton+Ext.m in Sources */,
				04C616B61FA9A00800F8E33B /* WWFPSLabel.m in Sources */,
				0440BE7A1FA9B0FF009C5C02 /* UIDevice+YYAdd.m in Sources */,
				04B8C4961F736E6900FD9EE0 /* UIBarButtonItem+Ext.m in Sources */,
				C51F64421FA9C02B0080E4D3 /* WWTabBarViewController.m in Sources */,
				C51F643F1FA9BAFF0080E4D3 /* UILabel+WWAdd.m in Sources */,
				04B8C4A61F73A68700FD9EE0 /* WWHomeCell.m in Sources */,
				04C616B91FA9A16700F8E33B /* WWWeakProxy.m in Sources */,
				C51F64321FA964260080E4D3 /* WWCollectionViewFlowLayout.m in Sources */,
				04B8C4AC1F73B67F00FD9EE0 /* NSDate+Utilities.m in Sources */,
				04B8C4B81F73BB3F00FD9EE0 /* NSString+JSON.m in Sources */,
				C51F64361FA9B3190080E4D3 /* UIImage+WWAdd.m in Sources */,
			);
			runOnlyForDeploymentPostprocessing = 0;
		};
		DE00C16A1F7220C500F8F4E5 /* Sources */ = {
			isa = PBXSourcesBuildPhase;
			buildActionMask = 2147483647;
			files = (
				DE00C1731F7220C500F8F4E5 /* WWKitTests.m in Sources */,
			);
			runOnlyForDeploymentPostprocessing = 0;
		};
		DE00C1751F7220C600F8F4E5 /* Sources */ = {
			isa = PBXSourcesBuildPhase;
			buildActionMask = 2147483647;
			files = (
				DE00C17E1F7220C600F8F4E5 /* WWKitUITests.m in Sources */,
			);
			runOnlyForDeploymentPostprocessing = 0;
		};
/* End PBXSourcesBuildPhase section */

/* Begin PBXTargetDependency section */
		DE00C1701F7220C500F8F4E5 /* PBXTargetDependency */ = {
			isa = PBXTargetDependency;
			target = DE00C1551F7220C500F8F4E5 /* WWKit */;
			targetProxy = DE00C16F1F7220C500F8F4E5 /* PBXContainerItemProxy */;
		};
		DE00C17B1F7220C600F8F4E5 /* PBXTargetDependency */ = {
			isa = PBXTargetDependency;
			target = DE00C1551F7220C500F8F4E5 /* WWKit */;
			targetProxy = DE00C17A1F7220C600F8F4E5 /* PBXContainerItemProxy */;
		};
/* End PBXTargetDependency section */

/* Begin PBXVariantGroup section */
		DEAAAAC81F73A1BF00A461F6 /* Localizable.strings */ = {
			isa = PBXVariantGroup;
			children = (
				DEAAAAC71F73A1BF00A461F6 /* en */,
				DEAAAACC1F73A1D100A461F6 /* zh-Hans */,
			);
			name = Localizable.strings;
			sourceTree = "<group>";
		};
		DEAAAACB1F73A1C200A461F6 /* InfoPlist.strings */ = {
			isa = PBXVariantGroup;
			children = (
				DEAAAACA1F73A1C200A461F6 /* en */,
				DEAAAACD1F73A1D100A461F6 /* zh-Hans */,
			);
			name = InfoPlist.strings;
			sourceTree = "<group>";
		};
/* End PBXVariantGroup section */

/* Begin XCBuildConfiguration section */
		DE00C1801F7220C600F8F4E5 /* Debug */ = {
			isa = XCBuildConfiguration;
			buildSettings = {
				ALWAYS_SEARCH_USER_PATHS = NO;
				CLANG_ANALYZER_LOCALIZABILITY_NONLOCALIZED = YES;
				CLANG_ANALYZER_NONNULL = YES;
				CLANG_ANALYZER_NUMBER_OBJECT_CONVERSION = YES_AGGRESSIVE;
				CLANG_CXX_LANGUAGE_STANDARD = "gnu++14";
				CLANG_CXX_LIBRARY = "libc++";
				CLANG_ENABLE_MODULES = YES;
				CLANG_ENABLE_OBJC_ARC = YES;
				CLANG_WARN_BLOCK_CAPTURE_AUTORELEASING = YES;
				CLANG_WARN_BOOL_CONVERSION = YES;
				CLANG_WARN_COMMA = YES;
				CLANG_WARN_CONSTANT_CONVERSION = YES;
				CLANG_WARN_DIRECT_OBJC_ISA_USAGE = YES_ERROR;
				CLANG_WARN_DOCUMENTATION_COMMENTS = YES;
				CLANG_WARN_EMPTY_BODY = YES;
				CLANG_WARN_ENUM_CONVERSION = YES;
				CLANG_WARN_INFINITE_RECURSION = YES;
				CLANG_WARN_INT_CONVERSION = YES;
				CLANG_WARN_NON_LITERAL_NULL_CONVERSION = YES;
				CLANG_WARN_OBJC_LITERAL_CONVERSION = YES;
				CLANG_WARN_OBJC_ROOT_CLASS = YES_ERROR;
				CLANG_WARN_RANGE_LOOP_ANALYSIS = YES;
				CLANG_WARN_STRICT_PROTOTYPES = YES;
				CLANG_WARN_SUSPICIOUS_MOVE = YES;
				CLANG_WARN_UNGUARDED_AVAILABILITY = YES_AGGRESSIVE;
				CLANG_WARN_UNREACHABLE_CODE = YES;
				CLANG_WARN__DUPLICATE_METHOD_MATCH = YES;
				CODE_SIGN_IDENTITY = "iPhone Developer";
				COPY_PHASE_STRIP = NO;
				DEBUG_INFORMATION_FORMAT = dwarf;
				ENABLE_STRICT_OBJC_MSGSEND = YES;
				ENABLE_TESTABILITY = YES;
				GCC_C_LANGUAGE_STANDARD = gnu11;
				GCC_DYNAMIC_NO_PIC = NO;
				GCC_NO_COMMON_BLOCKS = YES;
				GCC_OPTIMIZATION_LEVEL = 0;
				GCC_PREPROCESSOR_DEFINITIONS = (
					"DEBUG=1",
					"$(inherited)",
				);
				GCC_WARN_64_TO_32_BIT_CONVERSION = YES;
				GCC_WARN_ABOUT_RETURN_TYPE = YES_ERROR;
				GCC_WARN_UNDECLARED_SELECTOR = YES;
				GCC_WARN_UNINITIALIZED_AUTOS = YES_AGGRESSIVE;
				GCC_WARN_UNUSED_FUNCTION = YES;
				GCC_WARN_UNUSED_VARIABLE = YES;
				IPHONEOS_DEPLOYMENT_TARGET = 8.0;
				MTL_ENABLE_DEBUG_INFO = YES;
				ONLY_ACTIVE_ARCH = YES;
				SDKROOT = iphoneos;
			};
			name = Debug;
		};
		DE00C1811F7220C600F8F4E5 /* Release */ = {
			isa = XCBuildConfiguration;
			buildSettings = {
				ALWAYS_SEARCH_USER_PATHS = NO;
				CLANG_ANALYZER_LOCALIZABILITY_NONLOCALIZED = YES;
				CLANG_ANALYZER_NONNULL = YES;
				CLANG_ANALYZER_NUMBER_OBJECT_CONVERSION = YES_AGGRESSIVE;
				CLANG_CXX_LANGUAGE_STANDARD = "gnu++14";
				CLANG_CXX_LIBRARY = "libc++";
				CLANG_ENABLE_MODULES = YES;
				CLANG_ENABLE_OBJC_ARC = YES;
				CLANG_WARN_BLOCK_CAPTURE_AUTORELEASING = YES;
				CLANG_WARN_BOOL_CONVERSION = YES;
				CLANG_WARN_COMMA = YES;
				CLANG_WARN_CONSTANT_CONVERSION = YES;
				CLANG_WARN_DIRECT_OBJC_ISA_USAGE = YES_ERROR;
				CLANG_WARN_DOCUMENTATION_COMMENTS = YES;
				CLANG_WARN_EMPTY_BODY = YES;
				CLANG_WARN_ENUM_CONVERSION = YES;
				CLANG_WARN_INFINITE_RECURSION = YES;
				CLANG_WARN_INT_CONVERSION = YES;
				CLANG_WARN_NON_LITERAL_NULL_CONVERSION = YES;
				CLANG_WARN_OBJC_LITERAL_CONVERSION = YES;
				CLANG_WARN_OBJC_ROOT_CLASS = YES_ERROR;
				CLANG_WARN_RANGE_LOOP_ANALYSIS = YES;
				CLANG_WARN_STRICT_PROTOTYPES = YES;
				CLANG_WARN_SUSPICIOUS_MOVE = YES;
				CLANG_WARN_UNGUARDED_AVAILABILITY = YES_AGGRESSIVE;
				CLANG_WARN_UNREACHABLE_CODE = YES;
				CLANG_WARN__DUPLICATE_METHOD_MATCH = YES;
				CODE_SIGN_IDENTITY = "iPhone Developer";
				COPY_PHASE_STRIP = NO;
				DEBUG_INFORMATION_FORMAT = "dwarf-with-dsym";
				ENABLE_NS_ASSERTIONS = NO;
				ENABLE_STRICT_OBJC_MSGSEND = YES;
				GCC_C_LANGUAGE_STANDARD = gnu11;
				GCC_NO_COMMON_BLOCKS = YES;
				GCC_WARN_64_TO_32_BIT_CONVERSION = YES;
				GCC_WARN_ABOUT_RETURN_TYPE = YES_ERROR;
				GCC_WARN_UNDECLARED_SELECTOR = YES;
				GCC_WARN_UNINITIALIZED_AUTOS = YES_AGGRESSIVE;
				GCC_WARN_UNUSED_FUNCTION = YES;
				GCC_WARN_UNUSED_VARIABLE = YES;
				IPHONEOS_DEPLOYMENT_TARGET = 8.0;
				MTL_ENABLE_DEBUG_INFO = NO;
				SDKROOT = iphoneos;
				VALIDATE_PRODUCT = YES;
			};
			name = Release;
		};
		DE00C1831F7220C600F8F4E5 /* Debug */ = {
			isa = XCBuildConfiguration;
			baseConfigurationReference = AD09159EE5F524BF2A322651 /* Pods-WWKit.debug.xcconfig */;
			buildSettings = {
				ASSETCATALOG_COMPILER_APPICON_NAME = AppIcon;
				CODE_SIGN_STYLE = Automatic;
				DEVELOPMENT_TEAM = 79UV3HJ93T;
				GCC_INCREASE_PRECOMPILED_HEADER_SHARING = NO;
				GCC_PREFIX_HEADER = "WWKit/Supporting Files/WWKit-Prefix.pch";
				INFOPLIST_FILE = "WWKit/Supporting Files/Info.plist";
				IPHONEOS_DEPLOYMENT_TARGET = 8.0;
				LD_RUNPATH_SEARCH_PATHS = "$(inherited) @executable_path/Frameworks";
				PRODUCT_BUNDLE_IDENTIFIER = com.wwkit.WWKit;
				PRODUCT_NAME = "$(TARGET_NAME)";
				TARGETED_DEVICE_FAMILY = "1,2";
				VALID_ARCHS = "armv7 armv7s arm64";
			};
			name = Debug;
		};
		DE00C1841F7220C600F8F4E5 /* Release */ = {
			isa = XCBuildConfiguration;
			baseConfigurationReference = F19AF68FF10BA6C4CADEF2BC /* Pods-WWKit.release.xcconfig */;
			buildSettings = {
				ASSETCATALOG_COMPILER_APPICON_NAME = AppIcon;
				CODE_SIGN_STYLE = Automatic;
				DEVELOPMENT_TEAM = 79UV3HJ93T;
				GCC_INCREASE_PRECOMPILED_HEADER_SHARING = NO;
				GCC_PREFIX_HEADER = "WWKit/Supporting Files/WWKit-Prefix.pch";
				INFOPLIST_FILE = "WWKit/Supporting Files/Info.plist";
				IPHONEOS_DEPLOYMENT_TARGET = 8.0;
				LD_RUNPATH_SEARCH_PATHS = "$(inherited) @executable_path/Frameworks";
				PRODUCT_BUNDLE_IDENTIFIER = com.wwkit.WWKit;
				PRODUCT_NAME = "$(TARGET_NAME)";
				TARGETED_DEVICE_FAMILY = "1,2";
				VALID_ARCHS = "armv7 armv7s arm64";
			};
			name = Release;
		};
		DE00C1861F7220C600F8F4E5 /* Debug */ = {
			isa = XCBuildConfiguration;
			baseConfigurationReference = 9B9DBCFA2027BB4B94429E3C /* Pods-WWKitTests.debug.xcconfig */;
			buildSettings = {
				BUNDLE_LOADER = "$(TEST_HOST)";
				CODE_SIGN_STYLE = Automatic;
				INFOPLIST_FILE = WWKitTests/Info.plist;
				LD_RUNPATH_SEARCH_PATHS = "$(inherited) @executable_path/Frameworks @loader_path/Frameworks";
				PRODUCT_BUNDLE_IDENTIFIER = com.wwkit.WWKitTests;
				PRODUCT_NAME = "$(TARGET_NAME)";
				TARGETED_DEVICE_FAMILY = "1,2";
				TEST_HOST = "$(BUILT_PRODUCTS_DIR)/WWKit.app/WWKit";
			};
			name = Debug;
		};
		DE00C1871F7220C600F8F4E5 /* Release */ = {
			isa = XCBuildConfiguration;
			baseConfigurationReference = 6A450381ABFAFE1ACB83ED1E /* Pods-WWKitTests.release.xcconfig */;
			buildSettings = {
				BUNDLE_LOADER = "$(TEST_HOST)";
				CODE_SIGN_STYLE = Automatic;
				INFOPLIST_FILE = WWKitTests/Info.plist;
				LD_RUNPATH_SEARCH_PATHS = "$(inherited) @executable_path/Frameworks @loader_path/Frameworks";
				PRODUCT_BUNDLE_IDENTIFIER = com.wwkit.WWKitTests;
				PRODUCT_NAME = "$(TARGET_NAME)";
				TARGETED_DEVICE_FAMILY = "1,2";
				TEST_HOST = "$(BUILT_PRODUCTS_DIR)/WWKit.app/WWKit";
			};
			name = Release;
		};
		DE00C1891F7220C600F8F4E5 /* Debug */ = {
			isa = XCBuildConfiguration;
			baseConfigurationReference = AFBF9794EF91CFD9373FE183 /* Pods-WWKitUITests.debug.xcconfig */;
			buildSettings = {
				CODE_SIGN_STYLE = Automatic;
				INFOPLIST_FILE = WWKitUITests/Info.plist;
				LD_RUNPATH_SEARCH_PATHS = "$(inherited) @executable_path/Frameworks @loader_path/Frameworks";
				PRODUCT_BUNDLE_IDENTIFIER = com.wwkit.WWKitUITests;
				PRODUCT_NAME = "$(TARGET_NAME)";
				TARGETED_DEVICE_FAMILY = "1,2";
				TEST_TARGET_NAME = WWKit;
			};
			name = Debug;
		};
		DE00C18A1F7220C600F8F4E5 /* Release */ = {
			isa = XCBuildConfiguration;
			baseConfigurationReference = D0CB9F1AD5CFF22CC7AE9649 /* Pods-WWKitUITests.release.xcconfig */;
			buildSettings = {
				CODE_SIGN_STYLE = Automatic;
				INFOPLIST_FILE = WWKitUITests/Info.plist;
				LD_RUNPATH_SEARCH_PATHS = "$(inherited) @executable_path/Frameworks @loader_path/Frameworks";
				PRODUCT_BUNDLE_IDENTIFIER = com.wwkit.WWKitUITests;
				PRODUCT_NAME = "$(TARGET_NAME)";
				TARGETED_DEVICE_FAMILY = "1,2";
				TEST_TARGET_NAME = WWKit;
			};
			name = Release;
		};
/* End XCBuildConfiguration section */

/* Begin XCConfigurationList section */
		DE00C1511F7220C500F8F4E5 /* Build configuration list for PBXProject "WWKit" */ = {
			isa = XCConfigurationList;
			buildConfigurations = (
				DE00C1801F7220C600F8F4E5 /* Debug */,
				DE00C1811F7220C600F8F4E5 /* Release */,
			);
			defaultConfigurationIsVisible = 0;
			defaultConfigurationName = Release;
		};
		DE00C1821F7220C600F8F4E5 /* Build configuration list for PBXNativeTarget "WWKit" */ = {
			isa = XCConfigurationList;
			buildConfigurations = (
				DE00C1831F7220C600F8F4E5 /* Debug */,
				DE00C1841F7220C600F8F4E5 /* Release */,
			);
			defaultConfigurationIsVisible = 0;
			defaultConfigurationName = Release;
		};
		DE00C1851F7220C600F8F4E5 /* Build configuration list for PBXNativeTarget "WWKitTests" */ = {
			isa = XCConfigurationList;
			buildConfigurations = (
				DE00C1861F7220C600F8F4E5 /* Debug */,
				DE00C1871F7220C600F8F4E5 /* Release */,
			);
			defaultConfigurationIsVisible = 0;
			defaultConfigurationName = Release;
		};
		DE00C1881F7220C600F8F4E5 /* Build configuration list for PBXNativeTarget "WWKitUITests" */ = {
			isa = XCConfigurationList;
			buildConfigurations = (
				DE00C1891F7220C600F8F4E5 /* Debug */,
				DE00C18A1F7220C600F8F4E5 /* Release */,
			);
			defaultConfigurationIsVisible = 0;
			defaultConfigurationName = Release;
		};
/* End XCConfigurationList section */
	};
	rootObject = DE00C14E1F7220C500F8F4E5 /* Project object */;
}
